Microsoft Visual Studio Solution File, Format Version 12.00
# Visual Studio 15
Project("{2150E333-8FDC-42A3-9474-1A3956D46DE8}") = "CMakePredefinedTargets", "CMakePredefinedTargets", "{212ACE6F-1B1D-3BFB-BB14-396F350AF9A8}"
EndProject
Project("{2150E333-8FDC-42A3-9474-1A3956D46DE8}") = "GMAT Core", "GMAT Core", "{79F6414D-D56A-308B-A004-A28CECDD12C7}"
EndProject
Project("{2150E333-8FDC-42A3-9474-1A3956D46DE8}") = "GMAT Plugins", "GMAT Plugins", "{742F2C02-53C9-3648-AB22-CC04CC944634}"
EndProject
Project("{8BC9CEB8-8B4A-11D0-8D11-00A0C91BC942}") = "ALL_BUILD", "ALL_BUILD.vcxproj", "{E37B0C0A-2B47-3735-A067-8C8F79E73E2C}"
	ProjectSection(ProjectDependencies) = postProject
		{D53BF41E-4E6E-3FFB-994F-DB1DC099455C} = {D53BF41E-4E6E-3FFB-994F-DB1DC099455C}
		{E0C6A29F-B637-321B-8C2C-6295C7AD5EF4} = {E0C6A29F-B637-321B-8C2C-6295C7AD5EF4}
		{4EFB0774-755F-30D2-925F-4377FDD9DF2B} = {4EFB0774-755F-30D2-925F-4377FDD9DF2B}
		{74D371A1-C0C7-390B-9DE9-C0B34B233395} = {74D371A1-C0C7-390B-9DE9-C0B34B233395}
		{69013405-1745-376F-A913-C874152E8444} = {69013405-1745-376F-A913-C874152E8444}
		{4A247DD9-1B16-3DE1-B0F6-10142598A306} = {4A247DD9-1B16-3DE1-B0F6-10142598A306}
		{8BF7644A-4ACE-3C67-A486-66819C1FB34A} = {8BF7644A-4ACE-3C67-A486-66819C1FB34A}
		{A49958FA-9BF9-3C4A-9102-F4B40791BDFA} = {A49958FA-9BF9-3C4A-9102-F4B40791BDFA}
		{9E156057-4410-3A72-8808-8E9759CCBCB8} = {9E156057-4410-3A72-8808-8E9759CCBCB8}
		{ECA45490-7838-3917-8598-421253BBD27C} = {ECA45490-7838-3917-8598-421253BBD27C}
		{957A9D2D-641E-3E4E-BEAE-0566780E43E7} = {957A9D2D-641E-3E4E-BEAE-0566780E43E7}
		{47D62949-3618-3173-ABD8-E82BF9447F65} = {47D62949-3618-3173-ABD8-E82BF9447F65}
		{56B4A7D5-3DD5-32D7-839B-C51122966BA7} = {56B4A7D5-3DD5-32D7-839B-C51122966BA7}
		{C011D671-83FA-3B7E-B1F5-C17E11A797B6} = {C011D671-83FA-3B7E-B1F5-C17E11A797B6}
		{A2E589F3-ABF1-3FFD-8C9E-F71106017291} = {A2E589F3-ABF1-3FFD-8C9E-F71106017291}
		{A986F086-649B-300B-AC9B-DA9213639B59} = {A986F086-649B-300B-AC9B-DA9213639B59}
		{003515CD-04E8-359F-B3C9-AC7B51368F0B} = {003515CD-04E8-359F-B3C9-AC7B51368F0B}
		{BB22F928-51D4-3A0F-B6C0-DAC7DBA82442} = {BB22F928-51D4-3A0F-B6C0-DAC7DBA82442}
		{547912D9-72BD-304A-B423-55FDA9021EC5} = {547912D9-72BD-304A-B423-55FDA9021EC5}
		{D3F28C13-F354-310E-90C1-5A562B1C81BD} = {D3F28C13-F354-310E-90C1-5A562B1C81BD}
		{B99DA83B-B1F6-3721-B112-84DE7446B9B4} = {B99DA83B-B1F6-3721-B112-84DE7446B9B4}
		{E30DBE7C-D917-35A0-B539-D9CF801C294C} = {E30DBE7C-D917-35A0-B539-D9CF801C294C}
		{B9FDCC5A-7C4A-3C65-9511-65CC70564AB6} = {B9FDCC5A-7C4A-3C65-9511-65CC70564AB6}
	EndProjectSection
EndProject
Project("{8BC9CEB8-8B4A-11D0-8D11-00A0C91BC942}") = "CInterface", "plugins\CInterfacePlugin\src\CInterface.vcxproj", "{D53BF41E-4E6E-3FFB-994F-DB1DC099455C}"
	ProjectSection(ProjectDependencies) = postProject
		{A49958FA-9BF9-3C4A-9102-F4B40791BDFA} = {A49958FA-9BF9-3C4A-9102-F4B40791BDFA}
		{56B4A7D5-3DD5-32D7-839B-C51122966BA7} = {56B4A7D5-3DD5-32D7-839B-C51122966BA7}
		{B9FDCC5A-7C4A-3C65-9511-65CC70564AB6} = {B9FDCC5A-7C4A-3C65-9511-65CC70564AB6}
	EndProjectSection
EndProject
Project("{8BC9CEB8-8B4A-11D0-8D11-00A0C91BC942}") = "DataInterface", "plugins\DataInterfacePlugin\src\base\DataInterface.vcxproj", "{E0C6A29F-B637-321B-8C2C-6295C7AD5EF4}"
	ProjectSection(ProjectDependencies) = postProject
		{A49958FA-9BF9-3C4A-9102-F4B40791BDFA} = {A49958FA-9BF9-3C4A-9102-F4B40791BDFA}
		{56B4A7D5-3DD5-32D7-839B-C51122966BA7} = {56B4A7D5-3DD5-32D7-839B-C51122966BA7}
		{B9FDCC5A-7C4A-3C65-9511-65CC70564AB6} = {B9FDCC5A-7C4A-3C65-9511-65CC70564AB6}
	EndProjectSection
EndProject
Project("{8BC9CEB8-8B4A-11D0-8D11-00A0C91BC942}") = "EKF", "plugins\ExtendedKalmanFilterPlugin\src\base\EKF.vcxproj", "{4EFB0774-755F-30D2-925F-4377FDD9DF2B}"
	ProjectSection(ProjectDependencies) = postProject
		{A49958FA-9BF9-3C4A-9102-F4B40791BDFA} = {A49958FA-9BF9-3C4A-9102-F4B40791BDFA}
		{ECA45490-7838-3917-8598-421253BBD27C} = {ECA45490-7838-3917-8598-421253BBD27C}
		{56B4A7D5-3DD5-32D7-839B-C51122966BA7} = {56B4A7D5-3DD5-32D7-839B-C51122966BA7}
		{B9FDCC5A-7C4A-3C65-9511-65CC70564AB6} = {B9FDCC5A-7C4A-3C65-9511-65CC70564AB6}
	EndProjectSection
EndProject
Project("{8BC9CEB8-8B4A-11D0-8D11-00A0C91BC942}") = "EphemPropagator", "plugins\EphemPropagatorPlugin\src\base\EphemPropagator.vcxproj", "{74D371A1-C0C7-390B-9DE9-C0B34B233395}"
	ProjectSection(ProjectDependencies) = postProject
		{A49958FA-9BF9-3C4A-9102-F4B40791BDFA} = {A49958FA-9BF9-3C4A-9102-F4B40791BDFA}
		{56B4A7D5-3DD5-32D7-839B-C51122966BA7} = {56B4A7D5-3DD5-32D7-839B-C51122966BA7}
		{B9FDCC5A-7C4A-3C65-9511-65CC70564AB6} = {B9FDCC5A-7C4A-3C65-9511-65CC70564AB6}
	EndProjectSection
EndProject
Project("{8BC9CEB8-8B4A-11D0-8D11-00A0C91BC942}") = "EventLocator", "plugins\EventLocatorPlugin\src\base\EventLocator.vcxproj", "{69013405-1745-376F-A913-C874152E8444}"
	ProjectSection(ProjectDependencies) = postProject
		{A49958FA-9BF9-3C4A-9102-F4B40791BDFA} = {A49958FA-9BF9-3C4A-9102-F4B40791BDFA}
		{56B4A7D5-3DD5-32D7-839B-C51122966BA7} = {56B4A7D5-3DD5-32D7-839B-C51122966BA7}
		{B9FDCC5A-7C4A-3C65-9511-65CC70564AB6} = {B9FDCC5A-7C4A-3C65-9511-65CC70564AB6}
	EndProjectSection
EndProject
Project("{8BC9CEB8-8B4A-11D0-8D11-00A0C91BC942}") = "ExtraPropagators", "plugins\ExtraPropagatorsPlugin\src\base\ExtraPropagators.vcxproj", "{4A247DD9-1B16-3DE1-B0F6-10142598A306}"
	ProjectSection(ProjectDependencies) = postProject
		{A49958FA-9BF9-3C4A-9102-F4B40791BDFA} = {A49958FA-9BF9-3C4A-9102-F4B40791BDFA}
		{56B4A7D5-3DD5-32D7-839B-C51122966BA7} = {56B4A7D5-3DD5-32D7-839B-C51122966BA7}
		{B9FDCC5A-7C4A-3C65-9511-65CC70564AB6} = {B9FDCC5A-7C4A-3C65-9511-65CC70564AB6}
	EndProjectSection
EndProject
Project("{8BC9CEB8-8B4A-11D0-8D11-00A0C91BC942}") = "Formation", "plugins\FormationPlugin\src\base\Formation.vcxproj", "{8BF7644A-4ACE-3C67-A486-66819C1FB34A}"
	ProjectSection(ProjectDependencies) = postProject
		{A49958FA-9BF9-3C4A-9102-F4B40791BDFA} = {A49958FA-9BF9-3C4A-9102-F4B40791BDFA}
		{56B4A7D5-3DD5-32D7-839B-C51122966BA7} = {56B4A7D5-3DD5-32D7-839B-C51122966BA7}
		{B9FDCC5A-7C4A-3C65-9511-65CC70564AB6} = {B9FDCC5A-7C4A-3C65-9511-65CC70564AB6}
	EndProjectSection
EndProject
Project("{8BC9CEB8-8B4A-11D0-8D11-00A0C91BC942}") = "GmatBase", "src\base\GmatBase.vcxproj", "{A49958FA-9BF9-3C4A-9102-F4B40791BDFA}"
	ProjectSection(ProjectDependencies) = postProject
		{56B4A7D5-3DD5-32D7-839B-C51122966BA7} = {56B4A7D5-3DD5-32D7-839B-C51122966BA7}
		{B9FDCC5A-7C4A-3C65-9511-65CC70564AB6} = {B9FDCC5A-7C4A-3C65-9511-65CC70564AB6}
	EndProjectSection
EndProject
Project("{8BC9CEB8-8B4A-11D0-8D11-00A0C91BC942}") = "GmatConsole", "src\console\GmatConsole.vcxproj", "{9E156057-4410-3A72-8808-8E9759CCBCB8}"
	ProjectSection(ProjectDependencies) = postProject
		{A49958FA-9BF9-3C4A-9102-F4B40791BDFA} = {A49958FA-9BF9-3C4A-9102-F4B40791BDFA}
		{56B4A7D5-3DD5-32D7-839B-C51122966BA7} = {56B4A7D5-3DD5-32D7-839B-C51122966BA7}
		{B9FDCC5A-7C4A-3C65-9511-65CC70564AB6} = {B9FDCC5A-7C4A-3C65-9511-65CC70564AB6}
	EndProjectSection
EndProject
Project("{8BC9CEB8-8B4A-11D0-8D11-00A0C91BC942}") = "GmatEstimation", "plugins\EstimationPlugin\src\base\GmatEstimation.vcxproj", "{ECA45490-7838-3917-8598-421253BBD27C}"
	ProjectSection(ProjectDependencies) = postProject
		{A49958FA-9BF9-3C4A-9102-F4B40791BDFA} = {A49958FA-9BF9-3C4A-9102-F4B40791BDFA}
		{56B4A7D5-3DD5-32D7-839B-C51122966BA7} = {56B4A7D5-3DD5-32D7-839B-C51122966BA7}
		{B9FDCC5A-7C4A-3C65-9511-65CC70564AB6} = {B9FDCC5A-7C4A-3C65-9511-65CC70564AB6}
	EndProjectSection
EndProject
Project("{8BC9CEB8-8B4A-11D0-8D11-00A0C91BC942}") = "GmatFunction", "plugins\GmatFunctionPlugin\src\base\GmatFunction.vcxproj", "{957A9D2D-641E-3E4E-BEAE-0566780E43E7}"
	ProjectSection(ProjectDependencies) = postProject
		{A49958FA-9BF9-3C4A-9102-F4B40791BDFA} = {A49958FA-9BF9-3C4A-9102-F4B40791BDFA}
		{56B4A7D5-3DD5-32D7-839B-C51122966BA7} = {56B4A7D5-3DD5-32D7-839B-C51122966BA7}
		{B9FDCC5A-7C4A-3C65-9511-65CC70564AB6} = {B9FDCC5A-7C4A-3C65-9511-65CC70564AB6}
	EndProjectSection
EndProject
Project("{8BC9CEB8-8B4A-11D0-8D11-00A0C91BC942}") = "GmatGUI", "src\gui\GmatGUI.vcxproj", "{47D62949-3618-3173-ABD8-E82BF9447F65}"
	ProjectSection(ProjectDependencies) = postProject
		{A49958FA-9BF9-3C4A-9102-F4B40791BDFA} = {A49958FA-9BF9-3C4A-9102-F4B40791BDFA}
		{56B4A7D5-3DD5-32D7-839B-C51122966BA7} = {56B4A7D5-3DD5-32D7-839B-C51122966BA7}
		{B9FDCC5A-7C4A-3C65-9511-65CC70564AB6} = {B9FDCC5A-7C4A-3C65-9511-65CC70564AB6}
	EndProjectSection
EndProject
Project("{8BC9CEB8-8B4A-11D0-8D11-00A0C91BC942}") = "GmatUtil", "src\gmatutil\GmatUtil.vcxproj", "{56B4A7D5-3DD5-32D7-839B-C51122966BA7}"
	ProjectSection(ProjectDependencies) = postProject
		{B9FDCC5A-7C4A-3C65-9511-65CC70564AB6} = {B9FDCC5A-7C4A-3C65-9511-65CC70564AB6}
	EndProjectSection
EndProject
Project("{8BC9CEB8-8B4A-11D0-8D11-00A0C91BC942}") = "INSTALL", "INSTALL.vcxproj", "{7264F3FB-B02F-3B9A-AA9C-D21C72431849}"
	ProjectSection(ProjectDependencies) = postProject
		{E37B0C0A-2B47-3735-A067-8C8F79E73E2C} = {E37B0C0A-2B47-3735-A067-8C8F79E73E2C}
		{B9FDCC5A-7C4A-3C65-9511-65CC70564AB6} = {B9FDCC5A-7C4A-3C65-9511-65CC70564AB6}
	EndProjectSection
EndProject
Project("{8BC9CEB8-8B4A-11D0-8D11-00A0C91BC942}") = "NewParameters", "plugins\NewParameterPlugin\src\base\NewParameters.vcxproj", "{C011D671-83FA-3B7E-B1F5-C17E11A797B6}"
	ProjectSection(ProjectDependencies) = postProject
		{A49958FA-9BF9-3C4A-9102-F4B40791BDFA} = {A49958FA-9BF9-3C4A-9102-F4B40791BDFA}
		{56B4A7D5-3DD5-32D7-839B-C51122966BA7} = {56B4A7D5-3DD5-32D7-839B-C51122966BA7}
		{B9FDCC5A-7C4A-3C65-9511-65CC70564AB6} = {B9FDCC5A-7C4A-3C65-9511-65CC70564AB6}
	EndProjectSection
EndProject
Project("{8BC9CEB8-8B4A-11D0-8D11-00A0C91BC942}") = "PolyhedronGravity", "plugins\PolyhedronGravityPlugin\src\base\PolyhedronGravity.vcxproj", "{A2E589F3-ABF1-3FFD-8C9E-F71106017291}"
	ProjectSection(ProjectDependencies) = postProject
		{A49958FA-9BF9-3C4A-9102-F4B40791BDFA} = {A49958FA-9BF9-3C4A-9102-F4B40791BDFA}
		{56B4A7D5-3DD5-32D7-839B-C51122966BA7} = {56B4A7D5-3DD5-32D7-839B-C51122966BA7}
		{B9FDCC5A-7C4A-3C65-9511-65CC70564AB6} = {B9FDCC5A-7C4A-3C65-9511-65CC70564AB6}
	EndProjectSection
EndProject
Project("{8BC9CEB8-8B4A-11D0-8D11-00A0C91BC942}") = "ProductionPropagators", "plugins\ProductionPropagatorPlugin\src\base\ProductionPropagators.vcxproj", "{A986F086-649B-300B-AC9B-DA9213639B59}"
	ProjectSection(ProjectDependencies) = postProject
		{A49958FA-9BF9-3C4A-9102-F4B40791BDFA} = {A49958FA-9BF9-3C4A-9102-F4B40791BDFA}
		{56B4A7D5-3DD5-32D7-839B-C51122966BA7} = {56B4A7D5-3DD5-32D7-839B-C51122966BA7}
		{B9FDCC5A-7C4A-3C65-9511-65CC70564AB6} = {B9FDCC5A-7C4A-3C65-9511-65CC70564AB6}
	EndProjectSection
EndProject
Project("{8BC9CEB8-8B4A-11D0-8D11-00A0C91BC942}") = "PythonInterface", "plugins\PythonInterfacePlugin\src\base\PythonInterface.vcxproj", "{003515CD-04E8-359F-B3C9-AC7B51368F0B}"
	ProjectSection(ProjectDependencies) = postProject
		{A49958FA-9BF9-3C4A-9102-F4B40791BDFA} = {A49958FA-9BF9-3C4A-9102-F4B40791BDFA}
		{56B4A7D5-3DD5-32D7-839B-C51122966BA7} = {56B4A7D5-3DD5-32D7-839B-C51122966BA7}
		{B9FDCC5A-7C4A-3C65-9511-65CC70564AB6} = {B9FDCC5A-7C4A-3C65-9511-65CC70564AB6}
	EndProjectSection
EndProject
Project("{8BC9CEB8-8B4A-11D0-8D11-00A0C91BC942}") = "SaveCommand", "plugins\SaveCommandPlugin\src\base\SaveCommand.vcxproj", "{BB22F928-51D4-3A0F-B6C0-DAC7DBA82442}"
	ProjectSection(ProjectDependencies) = postProject
		{A49958FA-9BF9-3C4A-9102-F4B40791BDFA} = {A49958FA-9BF9-3C4A-9102-F4B40791BDFA}
		{56B4A7D5-3DD5-32D7-839B-C51122966BA7} = {56B4A7D5-3DD5-32D7-839B-C51122966BA7}
		{B9FDCC5A-7C4A-3C65-9511-65CC70564AB6} = {B9FDCC5A-7C4A-3C65-9511-65CC70564AB6}
	EndProjectSection
EndProject
Project("{8BC9CEB8-8B4A-11D0-8D11-00A0C91BC942}") = "ScriptTools", "plugins\ScriptToolsPlugin\src\base\ScriptTools.vcxproj", "{547912D9-72BD-304A-B423-55FDA9021EC5}"
	ProjectSection(ProjectDependencies) = postProject
		{A49958FA-9BF9-3C4A-9102-F4B40791BDFA} = {A49958FA-9BF9-3C4A-9102-F4B40791BDFA}
		{56B4A7D5-3DD5-32D7-839B-C51122966BA7} = {56B4A7D5-3DD5-32D7-839B-C51122966BA7}
		{B9FDCC5A-7C4A-3C65-9511-65CC70564AB6} = {B9FDCC5A-7C4A-3C65-9511-65CC70564AB6}
	EndProjectSection
EndProject
Project("{8BC9CEB8-8B4A-11D0-8D11-00A0C91BC942}") = "Station", "plugins\StationPlugin\src\base\Station.vcxproj", "{D3F28C13-F354-310E-90C1-5A562B1C81BD}"
	ProjectSection(ProjectDependencies) = postProject
		{A49958FA-9BF9-3C4A-9102-F4B40791BDFA} = {A49958FA-9BF9-3C4A-9102-F4B40791BDFA}
		{56B4A7D5-3DD5-32D7-839B-C51122966BA7} = {56B4A7D5-3DD5-32D7-839B-C51122966BA7}
		{B9FDCC5A-7C4A-3C65-9511-65CC70564AB6} = {B9FDCC5A-7C4A-3C65-9511-65CC70564AB6}
	EndProjectSection
EndProject
Project("{8BC9CEB8-8B4A-11D0-8D11-00A0C91BC942}") = "ThrustFile", "plugins\ThrustFilePlugin\src\base\ThrustFile.vcxproj", "{B99DA83B-B1F6-3721-B112-84DE7446B9B4}"
	ProjectSection(ProjectDependencies) = postProject
		{E0C6A29F-B637-321B-8C2C-6295C7AD5EF4} = {E0C6A29F-B637-321B-8C2C-6295C7AD5EF4}
		{A49958FA-9BF9-3C4A-9102-F4B40791BDFA} = {A49958FA-9BF9-3C4A-9102-F4B40791BDFA}
		{56B4A7D5-3DD5-32D7-839B-C51122966BA7} = {56B4A7D5-3DD5-32D7-839B-C51122966BA7}
		{B9FDCC5A-7C4A-3C65-9511-65CC70564AB6} = {B9FDCC5A-7C4A-3C65-9511-65CC70564AB6}
	EndProjectSection
EndProject
Project("{8BC9CEB8-8B4A-11D0-8D11-00A0C91BC942}") = "YukonOptimizer", "plugins\YukonOptimizerPlugin\src\base\YukonOptimizer.vcxproj", "{E30DBE7C-D917-35A0-B539-D9CF801C294C}"
	ProjectSection(ProjectDependencies) = postProject
		{A49958FA-9BF9-3C4A-9102-F4B40791BDFA} = {A49958FA-9BF9-3C4A-9102-F4B40791BDFA}
		{56B4A7D5-3DD5-32D7-839B-C51122966BA7} = {56B4A7D5-3DD5-32D7-839B-C51122966BA7}
		{B9FDCC5A-7C4A-3C65-9511-65CC70564AB6} = {B9FDCC5A-7C4A-3C65-9511-65CC70564AB6}
	EndProjectSection
EndProject
Project("{8BC9CEB8-8B4A-11D0-8D11-00A0C91BC942}") = "ZERO_CHECK", "ZERO_CHECK.vcxproj", "{B9FDCC5A-7C4A-3C65-9511-65CC70564AB6}"
	ProjectSection(ProjectDependencies) = postProject
	EndProjectSection
EndProject
Global
	GlobalSection(SolutionConfigurationPlatforms) = preSolution
		Debug|x64 = Debug|x64
		Release|x64 = Release|x64
		MinSizeRel|x64 = MinSizeRel|x64
		RelWithDebInfo|x64 = RelWithDebInfo|x64
	EndGlobalSection
	GlobalSection(ProjectConfigurationPlatforms) = postSolution
		{E37B0C0A-2B47-3735-A067-8C8F79E73E2C}.Debug|x64.ActiveCfg = Debug|x64
		{E37B0C0A-2B47-3735-A067-8C8F79E73E2C}.Debug|x64.Build.0 = Debug|x64
		{E37B0C0A-2B47-3735-A067-8C8F79E73E2C}.Release|x64.ActiveCfg = Release|x64
		{E37B0C0A-2B47-3735-A067-8C8F79E73E2C}.Release|x64.Build.0 = Release|x64
		{E37B0C0A-2B47-3735-A067-8C8F79E73E2C}.MinSizeRel|x64.ActiveCfg = MinSizeRel|x64
		{E37B0C0A-2B47-3735-A067-8C8F79E73E2C}.MinSizeRel|x64.Build.0 = MinSizeRel|x64
		{E37B0C0A-2B47-3735-A067-8C8F79E73E2C}.RelWithDebInfo|x64.ActiveCfg = RelWithDebInfo|x64
		{E37B0C0A-2B47-3735-A067-8C8F79E73E2C}.RelWithDebInfo|x64.Build.0 = RelWithDebInfo|x64
		{D53BF41E-4E6E-3FFB-994F-DB1DC099455C}.Debug|x64.ActiveCfg = Debug|x64
		{D53BF41E-4E6E-3FFB-994F-DB1DC099455C}.Debug|x64.Build.0 = Debug|x64
		{D53BF41E-4E6E-3FFB-994F-DB1DC099455C}.Release|x64.ActiveCfg = Release|x64
		{D53BF41E-4E6E-3FFB-994F-DB1DC099455C}.Release|x64.Build.0 = Release|x64
		{D53BF41E-4E6E-3FFB-994F-DB1DC099455C}.MinSizeRel|x64.ActiveCfg = MinSizeRel|x64
		{D53BF41E-4E6E-3FFB-994F-DB1DC099455C}.MinSizeRel|x64.Build.0 = MinSizeRel|x64
		{D53BF41E-4E6E-3FFB-994F-DB1DC099455C}.RelWithDebInfo|x64.ActiveCfg = RelWithDebInfo|x64
		{D53BF41E-4E6E-3FFB-994F-DB1DC099455C}.RelWithDebInfo|x64.Build.0 = RelWithDebInfo|x64
		{E0C6A29F-B637-321B-8C2C-6295C7AD5EF4}.Debug|x64.ActiveCfg = Debug|x64
		{E0C6A29F-B637-321B-8C2C-6295C7AD5EF4}.Debug|x64.Build.0 = Debug|x64
		{E0C6A29F-B637-321B-8C2C-6295C7AD5EF4}.Release|x64.ActiveCfg = Release|x64
		{E0C6A29F-B637-321B-8C2C-6295C7AD5EF4}.Release|x64.Build.0 = Release|x64
		{E0C6A29F-B637-321B-8C2C-6295C7AD5EF4}.MinSizeRel|x64.ActiveCfg = MinSizeRel|x64
		{E0C6A29F-B637-321B-8C2C-6295C7AD5EF4}.MinSizeRel|x64.Build.0 = MinSizeRel|x64
		{E0C6A29F-B637-321B-8C2C-6295C7AD5EF4}.RelWithDebInfo|x64.ActiveCfg = RelWithDebInfo|x64
		{E0C6A29F-B637-321B-8C2C-6295C7AD5EF4}.RelWithDebInfo|x64.Build.0 = RelWithDebInfo|x64
		{4EFB0774-755F-30D2-925F-4377FDD9DF2B}.Debug|x64.ActiveCfg = Debug|x64
		{4EFB0774-755F-30D2-925F-4377FDD9DF2B}.Debug|x64.Build.0 = Debug|x64
		{4EFB0774-755F-30D2-925F-4377FDD9DF2B}.Release|x64.ActiveCfg = Release|x64
		{4EFB0774-755F-30D2-925F-4377FDD9DF2B}.Release|x64.Build.0 = Release|x64
		{4EFB0774-755F-30D2-925F-4377FDD9DF2B}.MinSizeRel|x64.ActiveCfg = MinSizeRel|x64
		{4EFB0774-755F-30D2-925F-4377FDD9DF2B}.MinSizeRel|x64.Build.0 = MinSizeRel|x64
		{4EFB0774-755F-30D2-925F-4377FDD9DF2B}.RelWithDebInfo|x64.ActiveCfg = RelWithDebInfo|x64
		{4EFB0774-755F-30D2-925F-4377FDD9DF2B}.RelWithDebInfo|x64.Build.0 = RelWithDebInfo|x64
		{74D371A1-C0C7-390B-9DE9-C0B34B233395}.Debug|x64.ActiveCfg = Debug|x64
		{74D371A1-C0C7-390B-9DE9-C0B34B233395}.Debug|x64.Build.0 = Debug|x64
		{74D371A1-C0C7-390B-9DE9-C0B34B233395}.Release|x64.ActiveCfg = Release|x64
		{74D371A1-C0C7-390B-9DE9-C0B34B233395}.Release|x64.Build.0 = Release|x64
		{74D371A1-C0C7-390B-9DE9-C0B34B233395}.MinSizeRel|x64.ActiveCfg = MinSizeRel|x64
		{74D371A1-C0C7-390B-9DE9-C0B34B233395}.MinSizeRel|x64.Build.0 = MinSizeRel|x64
		{74D371A1-C0C7-390B-9DE9-C0B34B233395}.RelWithDebInfo|x64.ActiveCfg = RelWithDebInfo|x64
		{74D371A1-C0C7-390B-9DE9-C0B34B233395}.RelWithDebInfo|x64.Build.0 = RelWithDebInfo|x64
		{69013405-1745-376F-A913-C874152E8444}.Debug|x64.ActiveCfg = Debug|x64
		{69013405-1745-376F-A913-C874152E8444}.Debug|x64.Build.0 = Debug|x64
		{69013405-1745-376F-A913-C874152E8444}.Release|x64.ActiveCfg = Release|x64
		{69013405-1745-376F-A913-C874152E8444}.Release|x64.Build.0 = Release|x64
		{69013405-1745-376F-A913-C874152E8444}.MinSizeRel|x64.ActiveCfg = MinSizeRel|x64
		{69013405-1745-376F-A913-C874152E8444}.MinSizeRel|x64.Build.0 = MinSizeRel|x64
		{69013405-1745-376F-A913-C874152E8444}.RelWithDebInfo|x64.ActiveCfg = RelWithDebInfo|x64
		{69013405-1745-376F-A913-C874152E8444}.RelWithDebInfo|x64.Build.0 = RelWithDebInfo|x64
		{4A247DD9-1B16-3DE1-B0F6-10142598A306}.Debug|x64.ActiveCfg = Debug|x64
		{4A247DD9-1B16-3DE1-B0F6-10142598A306}.Debug|x64.Build.0 = Debug|x64
		{4A247DD9-1B16-3DE1-B0F6-10142598A306}.Release|x64.ActiveCfg = Release|x64
		{4A247DD9-1B16-3DE1-B0F6-10142598A306}.Release|x64.Build.0 = Release|x64
		{4A247DD9-1B16-3DE1-B0F6-10142598A306}.MinSizeRel|x64.ActiveCfg = MinSizeRel|x64
		{4A247DD9-1B16-3DE1-B0F6-10142598A306}.MinSizeRel|x64.Build.0 = MinSizeRel|x64
		{4A247DD9-1B16-3DE1-B0F6-10142598A306}.RelWithDebInfo|x64.ActiveCfg = RelWithDebInfo|x64
		{4A247DD9-1B16-3DE1-B0F6-10142598A306}.RelWithDebInfo|x64.Build.0 = RelWithDebInfo|x64
		{8BF7644A-4ACE-3C67-A486-66819C1FB34A}.Debug|x64.ActiveCfg = Debug|x64
		{8BF7644A-4ACE-3C67-A486-66819C1FB34A}.Debug|x64.Build.0 = Debug|x64
		{8BF7644A-4ACE-3C67-A486-66819C1FB34A}.Release|x64.ActiveCfg = Release|x64
		{8BF7644A-4ACE-3C67-A486-66819C1FB34A}.Release|x64.Build.0 = Release|x64
		{8BF7644A-4ACE-3C67-A486-66819C1FB34A}.MinSizeRel|x64.ActiveCfg = MinSizeRel|x64
		{8BF7644A-4ACE-3C67-A486-66819C1FB34A}.MinSizeRel|x64.Build.0 = MinSizeRel|x64
		{8BF7644A-4ACE-3C67-A486-66819C1FB34A}.RelWithDebInfo|x64.ActiveCfg = RelWithDebInfo|x64
		{8BF7644A-4ACE-3C67-A486-66819C1FB34A}.RelWithDebInfo|x64.Build.0 = RelWithDebInfo|x64
		{A49958FA-9BF9-3C4A-9102-F4B40791BDFA}.Debug|x64.ActiveCfg = Debug|x64
		{A49958FA-9BF9-3C4A-9102-F4B40791BDFA}.Debug|x64.Build.0 = Debug|x64
		{A49958FA-9BF9-3C4A-9102-F4B40791BDFA}.Release|x64.ActiveCfg = Release|x64
		{A49958FA-9BF9-3C4A-9102-F4B40791BDFA}.Release|x64.Build.0 = Release|x64
		{A49958FA-9BF9-3C4A-9102-F4B40791BDFA}.MinSizeRel|x64.ActiveCfg = MinSizeRel|x64
		{A49958FA-9BF9-3C4A-9102-F4B40791BDFA}.MinSizeRel|x64.Build.0 = MinSizeRel|x64
		{A49958FA-9BF9-3C4A-9102-F4B40791BDFA}.RelWithDebInfo|x64.ActiveCfg = RelWithDebInfo|x64
		{A49958FA-9BF9-3C4A-9102-F4B40791BDFA}.RelWithDebInfo|x64.Build.0 = RelWithDebInfo|x64
		{9E156057-4410-3A72-8808-8E9759CCBCB8}.Debug|x64.ActiveCfg = Debug|x64
		{9E156057-4410-3A72-8808-8E9759CCBCB8}.Debug|x64.Build.0 = Debug|x64
		{9E156057-4410-3A72-8808-8E9759CCBCB8}.Release|x64.ActiveCfg = Release|x64
		{9E156057-4410-3A72-8808-8E9759CCBCB8}.Release|x64.Build.0 = Release|x64
		{9E156057-4410-3A72-8808-8E9759CCBCB8}.MinSizeRel|x64.ActiveCfg = MinSizeRel|x64
		{9E156057-4410-3A72-8808-8E9759CCBCB8}.MinSizeRel|x64.Build.0 = MinSizeRel|x64
		{9E156057-4410-3A72-8808-8E9759CCBCB8}.RelWithDebInfo|x64.ActiveCfg = RelWithDebInfo|x64
		{9E156057-4410-3A72-8808-8E9759CCBCB8}.RelWithDebInfo|x64.Build.0 = RelWithDebInfo|x64
		{ECA45490-7838-3917-8598-421253BBD27C}.Debug|x64.ActiveCfg = Debug|x64
		{ECA45490-7838-3917-8598-421253BBD27C}.Debug|x64.Build.0 = Debug|x64
		{ECA45490-7838-3917-8598-421253BBD27C}.Release|x64.ActiveCfg = Release|x64
		{ECA45490-7838-3917-8598-421253BBD27C}.Release|x64.Build.0 = Release|x64
		{ECA45490-7838-3917-8598-421253BBD27C}.MinSizeRel|x64.ActiveCfg = MinSizeRel|x64
		{ECA45490-7838-3917-8598-421253BBD27C}.MinSizeRel|x64.Build.0 = MinSizeRel|x64
		{ECA45490-7838-3917-8598-421253BBD27C}.RelWithDebInfo|x64.ActiveCfg = RelWithDebInfo|x64
		{ECA45490-7838-3917-8598-421253BBD27C}.RelWithDebInfo|x64.Build.0 = RelWithDebInfo|x64
		{957A9D2D-641E-3E4E-BEAE-0566780E43E7}.Debug|x64.ActiveCfg = Debug|x64
		{957A9D2D-641E-3E4E-BEAE-0566780E43E7}.Debug|x64.Build.0 = Debug|x64
		{957A9D2D-641E-3E4E-BEAE-0566780E43E7}.Release|x64.ActiveCfg = Release|x64
		{957A9D2D-641E-3E4E-BEAE-0566780E43E7}.Release|x64.Build.0 = Release|x64
		{957A9D2D-641E-3E4E-BEAE-0566780E43E7}.MinSizeRel|x64.ActiveCfg = MinSizeRel|x64
		{957A9D2D-641E-3E4E-BEAE-0566780E43E7}.MinSizeRel|x64.Build.0 = MinSizeRel|x64
		{957A9D2D-641E-3E4E-BEAE-0566780E43E7}.RelWithDebInfo|x64.ActiveCfg = RelWithDebInfo|x64
		{957A9D2D-641E-3E4E-BEAE-0566780E43E7}.RelWithDebInfo|x64.Build.0 = RelWithDebInfo|x64
		{47D62949-3618-3173-ABD8-E82BF9447F65}.Debug|x64.ActiveCfg = Debug|x64
		{47D62949-3618-3173-ABD8-E82BF9447F65}.Debug|x64.Build.0 = Debug|x64
		{47D62949-3618-3173-ABD8-E82BF9447F65}.Release|x64.ActiveCfg = Release|x64
		{47D62949-3618-3173-ABD8-E82BF9447F65}.Release|x64.Build.0 = Release|x64
		{47D62949-3618-3173-ABD8-E82BF9447F65}.MinSizeRel|x64.ActiveCfg = MinSizeRel|x64
		{47D62949-3618-3173-ABD8-E82BF9447F65}.MinSizeRel|x64.Build.0 = MinSizeRel|x64
		{47D62949-3618-3173-ABD8-E82BF9447F65}.RelWithDebInfo|x64.ActiveCfg = RelWithDebInfo|x64
		{47D62949-3618-3173-ABD8-E82BF9447F65}.RelWithDebInfo|x64.Build.0 = RelWithDebInfo|x64
		{56B4A7D5-3DD5-32D7-839B-C51122966BA7}.Debug|x64.ActiveCfg = Debug|x64
		{56B4A7D5-3DD5-32D7-839B-C51122966BA7}.Debug|x64.Build.0 = Debug|x64
		{56B4A7D5-3DD5-32D7-839B-C51122966BA7}.Release|x64.ActiveCfg = Release|x64
		{56B4A7D5-3DD5-32D7-839B-C51122966BA7}.Release|x64.Build.0 = Release|x64
		{56B4A7D5-3DD5-32D7-839B-C51122966BA7}.MinSizeRel|x64.ActiveCfg = MinSizeRel|x64
		{56B4A7D5-3DD5-32D7-839B-C51122966BA7}.MinSizeRel|x64.Build.0 = MinSizeRel|x64
		{56B4A7D5-3DD5-32D7-839B-C51122966BA7}.RelWithDebInfo|x64.ActiveCfg = RelWithDebInfo|x64
		{56B4A7D5-3DD5-32D7-839B-C51122966BA7}.RelWithDebInfo|x64.Build.0 = RelWithDebInfo|x64
		{7264F3FB-B02F-3B9A-AA9C-D21C72431849}.Debug|x64.ActiveCfg = Debug|x64
		{7264F3FB-B02F-3B9A-AA9C-D21C72431849}.Release|x64.ActiveCfg = Release|x64
		{7264F3FB-B02F-3B9A-AA9C-D21C72431849}.MinSizeRel|x64.ActiveCfg = MinSizeRel|x64
		{7264F3FB-B02F-3B9A-AA9C-D21C72431849}.RelWithDebInfo|x64.ActiveCfg = RelWithDebInfo|x64
		{C011D671-83FA-3B7E-B1F5-C17E11A797B6}.Debug|x64.ActiveCfg = Debug|x64
		{C011D671-83FA-3B7E-B1F5-C17E11A797B6}.Debug|x64.Build.0 = Debug|x64
		{C011D671-83FA-3B7E-B1F5-C17E11A797B6}.Release|x64.ActiveCfg = Release|x64
		{C011D671-83FA-3B7E-B1F5-C17E11A797B6}.Release|x64.Build.0 = Release|x64
		{C011D671-83FA-3B7E-B1F5-C17E11A797B6}.MinSizeRel|x64.ActiveCfg = MinSizeRel|x64
		{C011D671-83FA-3B7E-B1F5-C17E11A797B6}.MinSizeRel|x64.Build.0 = MinSizeRel|x64
		{C011D671-83FA-3B7E-B1F5-C17E11A797B6}.RelWithDebInfo|x64.ActiveCfg = RelWithDebInfo|x64
		{C011D671-83FA-3B7E-B1F5-C17E11A797B6}.RelWithDebInfo|x64.Build.0 = RelWithDebInfo|x64
		{A2E589F3-ABF1-3FFD-8C9E-F71106017291}.Debug|x64.ActiveCfg = Debug|x64
		{A2E589F3-ABF1-3FFD-8C9E-F71106017291}.Debug|x64.Build.0 = Debug|x64
		{A2E589F3-ABF1-3FFD-8C9E-F71106017291}.Release|x64.ActiveCfg = Release|x64
		{A2E589F3-ABF1-3FFD-8C9E-F71106017291}.Release|x64.Build.0 = Release|x64
		{A2E589F3-ABF1-3FFD-8C9E-F71106017291}.MinSizeRel|x64.ActiveCfg = MinSizeRel|x64
		{A2E589F3-ABF1-3FFD-8C9E-F71106017291}.MinSizeRel|x64.Build.0 = MinSizeRel|x64
		{A2E589F3-ABF1-3FFD-8C9E-F71106017291}.RelWithDebInfo|x64.ActiveCfg = RelWithDebInfo|x64
		{A2E589F3-ABF1-3FFD-8C9E-F71106017291}.RelWithDebInfo|x64.Build.0 = RelWithDebInfo|x64
		{A986F086-649B-300B-AC9B-DA9213639B59}.Debug|x64.ActiveCfg = Debug|x64
		{A986F086-649B-300B-AC9B-DA9213639B59}.Debug|x64.Build.0 = Debug|x64
		{A986F086-649B-300B-AC9B-DA9213639B59}.Release|x64.ActiveCfg = Release|x64
		{A986F086-649B-300B-AC9B-DA9213639B59}.Release|x64.Build.0 = Release|x64
		{A986F086-649B-300B-AC9B-DA9213639B59}.MinSizeRel|x64.ActiveCfg = MinSizeRel|x64
		{A986F086-649B-300B-AC9B-DA9213639B59}.MinSizeRel|x64.Build.0 = MinSizeRel|x64
		{A986F086-649B-300B-AC9B-DA9213639B59}.RelWithDebInfo|x64.ActiveCfg = RelWithDebInfo|x64
		{A986F086-649B-300B-AC9B-DA9213639B59}.RelWithDebInfo|x64.Build.0 = RelWithDebInfo|x64
		{003515CD-04E8-359F-B3C9-AC7B51368F0B}.Debug|x64.ActiveCfg = Debug|x64
		{003515CD-04E8-359F-B3C9-AC7B51368F0B}.Debug|x64.Build.0 = Debug|x64
		{003515CD-04E8-359F-B3C9-AC7B51368F0B}.Release|x64.ActiveCfg = Release|x64
		{003515CD-04E8-359F-B3C9-AC7B51368F0B}.Release|x64.Build.0 = Release|x64
		{003515CD-04E8-359F-B3C9-AC7B51368F0B}.MinSizeRel|x64.ActiveCfg = MinSizeRel|x64
		{003515CD-04E8-359F-B3C9-AC7B51368F0B}.MinSizeRel|x64.Build.0 = MinSizeRel|x64
		{003515CD-04E8-359F-B3C9-AC7B51368F0B}.RelWithDebInfo|x64.ActiveCfg = RelWithDebInfo|x64
		{003515CD-04E8-359F-B3C9-AC7B51368F0B}.RelWithDebInfo|x64.Build.0 = RelWithDebInfo|x64
		{BB22F928-51D4-3A0F-B6C0-DAC7DBA82442}.Debug|x64.ActiveCfg = Debug|x64
		{BB22F928-51D4-3A0F-B6C0-DAC7DBA82442}.Debug|x64.Build.0 = Debug|x64
		{BB22F928-51D4-3A0F-B6C0-DAC7DBA82442}.Release|x64.ActiveCfg = Release|x64
		{BB22F928-51D4-3A0F-B6C0-DAC7DBA82442}.Release|x64.Build.0 = Release|x64
		{BB22F928-51D4-3A0F-B6C0-DAC7DBA82442}.MinSizeRel|x64.ActiveCfg = MinSizeRel|x64
		{BB22F928-51D4-3A0F-B6C0-DAC7DBA82442}.MinSizeRel|x64.Build.0 = MinSizeRel|x64
		{BB22F928-51D4-3A0F-B6C0-DAC7DBA82442}.RelWithDebInfo|x64.ActiveCfg = RelWithDebInfo|x64
		{BB22F928-51D4-3A0F-B6C0-DAC7DBA82442}.RelWithDebInfo|x64.Build.0 = RelWithDebInfo|x64
		{547912D9-72BD-304A-B423-55FDA9021EC5}.Debug|x64.ActiveCfg = Debug|x64
		{547912D9-72BD-304A-B423-55FDA9021EC5}.Debug|x64.Build.0 = Debug|x64
		{547912D9-72BD-304A-B423-55FDA9021EC5}.Release|x64.ActiveCfg = Release|x64
		{547912D9-72BD-304A-B423-55FDA9021EC5}.Release|x64.Build.0 = Release|x64
		{547912D9-72BD-304A-B423-55FDA9021EC5}.MinSizeRel|x64.ActiveCfg = MinSizeRel|x64
		{547912D9-72BD-304A-B423-55FDA9021EC5}.MinSizeRel|x64.Build.0 = MinSizeRel|x64
		{547912D9-72BD-304A-B423-55FDA9021EC5}.RelWithDebInfo|x64.ActiveCfg = RelWithDebInfo|x64
		{547912D9-72BD-304A-B423-55FDA9021EC5}.RelWithDebInfo|x64.Build.0 = RelWithDebInfo|x64
		{D3F28C13-F354-310E-90C1-5A562B1C81BD}.Debug|x64.ActiveCfg = Debug|x64
		{D3F28C13-F354-310E-90C1-5A562B1C81BD}.Debug|x64.Build.0 = Debug|x64
		{D3F28C13-F354-310E-90C1-5A562B1C81BD}.Release|x64.ActiveCfg = Release|x64
		{D3F28C13-F354-310E-90C1-5A562B1C81BD}.Release|x64.Build.0 = Release|x64
		{D3F28C13-F354-310E-90C1-5A562B1C81BD}.MinSizeRel|x64.ActiveCfg = MinSizeRel|x64
		{D3F28C13-F354-310E-90C1-5A562B1C81BD}.MinSizeRel|x64.Build.0 = MinSizeRel|x64
		{D3F28C13-F354-310E-90C1-5A562B1C81BD}.RelWithDebInfo|x64.ActiveCfg = RelWithDebInfo|x64
		{D3F28C13-F354-310E-90C1-5A562B1C81BD}.RelWithDebInfo|x64.Build.0 = RelWithDebInfo|x64
		{B99DA83B-B1F6-3721-B112-84DE7446B9B4}.Debug|x64.ActiveCfg = Debug|x64
		{B99DA83B-B1F6-3721-B112-84DE7446B9B4}.Debug|x64.Build.0 = Debug|x64
		{B99DA83B-B1F6-3721-B112-84DE7446B9B4}.Release|x64.ActiveCfg = Release|x64
		{B99DA83B-B1F6-3721-B112-84DE7446B9B4}.Release|x64.Build.0 = Release|x64
		{B99DA83B-B1F6-3721-B112-84DE7446B9B4}.MinSizeRel|x64.ActiveCfg = MinSizeRel|x64
		{B99DA83B-B1F6-3721-B112-84DE7446B9B4}.MinSizeRel|x64.Build.0 = MinSizeRel|x64
		{B99DA83B-B1F6-3721-B112-84DE7446B9B4}.RelWithDebInfo|x64.ActiveCfg = RelWithDebInfo|x64
		{B99DA83B-B1F6-3721-B112-84DE7446B9B4}.RelWithDebInfo|x64.Build.0 = RelWithDebInfo|x64
		{E30DBE7C-D917-35A0-B539-D9CF801C294C}.Debug|x64.ActiveCfg = Debug|x64
		{E30DBE7C-D917-35A0-B539-D9CF801C294C}.Debug|x64.Build.0 = Debug|x64
		{E30DBE7C-D917-35A0-B539-D9CF801C294C}.Release|x64.ActiveCfg = Release|x64
		{E30DBE7C-D917-35A0-B539-D9CF801C294C}.Release|x64.Build.0 = Release|x64
		{E30DBE7C-D917-35A0-B539-D9CF801C294C}.MinSizeRel|x64.ActiveCfg = MinSizeRel|x64
		{E30DBE7C-D917-35A0-B539-D9CF801C294C}.MinSizeRel|x64.Build.0 = MinSizeRel|x64
		{E30DBE7C-D917-35A0-B539-D9CF801C294C}.RelWithDebInfo|x64.ActiveCfg = RelWithDebInfo|x64
		{E30DBE7C-D917-35A0-B539-D9CF801C294C}.RelWithDebInfo|x64.Build.0 = RelWithDebInfo|x64
		{B9FDCC5A-7C4A-3C65-9511-65CC70564AB6}.Debug|x64.ActiveCfg = Debug|x64
		{B9FDCC5A-7C4A-3C65-9511-65CC70564AB6}.Debug|x64.Build.0 = Debug|x64
		{B9FDCC5A-7C4A-3C65-9511-65CC70564AB6}.Release|x64.ActiveCfg = Release|x64
		{B9FDCC5A-7C4A-3C65-9511-65CC70564AB6}.Release|x64.Build.0 = Release|x64
		{B9FDCC5A-7C4A-3C65-9511-65CC70564AB6}.MinSizeRel|x64.ActiveCfg = MinSizeRel|x64
		{B9FDCC5A-7C4A-3C65-9511-65CC70564AB6}.MinSizeRel|x64.Build.0 = MinSizeRel|x64
		{B9FDCC5A-7C4A-3C65-9511-65CC70564AB6}.RelWithDebInfo|x64.ActiveCfg = RelWithDebInfo|x64
		{B9FDCC5A-7C4A-3C65-9511-65CC70564AB6}.RelWithDebInfo|x64.Build.0 = RelWithDebInfo|x64
	EndGlobalSection
	GlobalSection(NestedProjects) = preSolution
		{E37B0C0A-2B47-3735-A067-8C8F79E73E2C} = {212ACE6F-1B1D-3BFB-BB14-396F350AF9A8}
		{7264F3FB-B02F-3B9A-AA9C-D21C72431849} = {212ACE6F-1B1D-3BFB-BB14-396F350AF9A8}
		{B9FDCC5A-7C4A-3C65-9511-65CC70564AB6} = {212ACE6F-1B1D-3BFB-BB14-396F350AF9A8}
		{A49958FA-9BF9-3C4A-9102-F4B40791BDFA} = {79F6414D-D56A-308B-A004-A28CECDD12C7}
		{9E156057-4410-3A72-8808-8E9759CCBCB8} = {79F6414D-D56A-308B-A004-A28CECDD12C7}
		{47D62949-3618-3173-ABD8-E82BF9447F65} = {79F6414D-D56A-308B-A004-A28CECDD12C7}
		{56B4A7D5-3DD5-32D7-839B-C51122966BA7} = {79F6414D-D56A-308B-A004-A28CECDD12C7}
		{D53BF41E-4E6E-3FFB-994F-DB1DC099455C} = {742F2C02-53C9-3648-AB22-CC04CC944634}
		{E0C6A29F-B637-321B-8C2C-6295C7AD5EF4} = {742F2C02-53C9-3648-AB22-CC04CC944634}
		{4EFB0774-755F-30D2-925F-4377FDD9DF2B} = {742F2C02-53C9-3648-AB22-CC04CC944634}
		{74D371A1-C0C7-390B-9DE9-C0B34B233395} = {742F2C02-53C9-3648-AB22-CC04CC944634}
		{69013405-1745-376F-A913-C874152E8444} = {742F2C02-53C9-3648-AB22-CC04CC944634}
		{4A247DD9-1B16-3DE1-B0F6-10142598A306} = {742F2C02-53C9-3648-AB22-CC04CC944634}
		{8BF7644A-4ACE-3C67-A486-66819C1FB34A} = {742F2C02-53C9-3648-AB22-CC04CC944634}
		{ECA45490-7838-3917-8598-421253BBD27C} = {742F2C02-53C9-3648-AB22-CC04CC944634}
		{957A9D2D-641E-3E4E-BEAE-0566780E43E7} = {742F2C02-53C9-3648-AB22-CC04CC944634}
		{C011D671-83FA-3B7E-B1F5-C17E11A797B6} = {742F2C02-53C9-3648-AB22-CC04CC944634}
		{A2E589F3-ABF1-3FFD-8C9E-F71106017291} = {742F2C02-53C9-3648-AB22-CC04CC944634}
		{A986F086-649B-300B-AC9B-DA9213639B59} = {742F2C02-53C9-3648-AB22-CC04CC944634}
		{003515CD-04E8-359F-B3C9-AC7B51368F0B} = {742F2C02-53C9-3648-AB22-CC04CC944634}
		{BB22F928-51D4-3A0F-B6C0-DAC7DBA82442} = {742F2C02-53C9-3648-AB22-CC04CC944634}
		{547912D9-72BD-304A-B423-55FDA9021EC5} = {742F2C02-53C9-3648-AB22-CC04CC944634}
		{D3F28C13-F354-310E-90C1-5A562B1C81BD} = {742F2C02-53C9-3648-AB22-CC04CC944634}
		{B99DA83B-B1F6-3721-B112-84DE7446B9B4} = {742F2C02-53C9-3648-AB22-CC04CC944634}
		{E30DBE7C-D917-35A0-B539-D9CF801C294C} = {742F2C02-53C9-3648-AB22-CC04CC944634}
	EndGlobalSection
	GlobalSection(ExtensibilityGlobals) = postSolution
		SolutionGuid = {61EBD189-79E0-3BE3-94F9-307B345E13CA}
	EndGlobalSection
	GlobalSection(ExtensibilityAddIns) = postSolution
	EndGlobalSection
EndGlobal
