<?xml version="1.0" encoding="utf-8"?>
<Project ToolsVersion="15.0" xmlns="http://schemas.microsoft.com/developer/msbuild/2003">
  <ItemGroup>
    <ClCompile Include="D:\GMAT\gmat-src\GMAT-r2020a2\GMAT-R2020a\plugins\SaveCommandPlugin\src\base\command\Save.cpp">
      <Filter>Source Files\command</Filter>
    </ClCompile>
    <ClCompile Include="D:\GMAT\gmat-src\GMAT-r2020a2\GMAT-R2020a\plugins\SaveCommandPlugin\src\base\factory\SaveCommandFactory.cpp">
      <Filter>Source Files\factory</Filter>
    </ClCompile>
    <ClCompile Include="D:\GMAT\gmat-src\GMAT-r2020a2\GMAT-R2020a\plugins\SaveCommandPlugin\src\base\plugin\GmatPluginFunctions.cpp">
      <Filter>Source Files\plugin</Filter>
    </ClCompile>
  </ItemGroup>
  <ItemGroup>
    <ClInclude Include="D:\GMAT\gmat-src\GMAT-r2020a2\GMAT-R2020a\plugins\SaveCommandPlugin\src\base\command\Save.hpp">
      <Filter>Header Files\command</Filter>
    </ClInclude>
    <ClInclude Include="D:\GMAT\gmat-src\GMAT-r2020a2\GMAT-R2020a\plugins\SaveCommandPlugin\src\base\factory\SaveCommandFactory.hpp">
      <Filter>Header Files\factory</Filter>
    </ClInclude>
    <ClInclude Include="D:\GMAT\gmat-src\GMAT-r2020a2\GMAT-R2020a\plugins\SaveCommandPlugin\src\base\include\SaveCommandDefs.hpp">
      <Filter>Header Files\include</Filter>
    </ClInclude>
    <ClInclude Include="D:\GMAT\gmat-src\GMAT-r2020a2\GMAT-R2020a\plugins\SaveCommandPlugin\src\base\plugin\GmatPluginFunctions.hpp">
      <Filter>Header Files\plugin</Filter>
    </ClInclude>
  </ItemGroup>
  <ItemGroup>
    <CustomBuild Include="D:\GMAT\gmat-src\GMAT-r2020a2\GMAT-R2020a\plugins\SaveCommandPlugin\src\base\CMakeLists.txt" />
  </ItemGroup>
  <ItemGroup>
    <Filter Include="Header Files">
      <UniqueIdentifier>{F575BB39-2F6D-3545-8949-B0FC7E8F7094}</UniqueIdentifier>
    </Filter>
    <Filter Include="Header Files\command">
      <UniqueIdentifier>{BDC20F94-FCA6-3ED4-B49A-DCCA11D6F3D8}</UniqueIdentifier>
    </Filter>
    <Filter Include="Header Files\factory">
      <UniqueIdentifier>{45ABA8F0-DC5E-30F3-853D-35D219222D72}</UniqueIdentifier>
    </Filter>
    <Filter Include="Header Files\include">
      <UniqueIdentifier>{56E9F4D7-950F-3B5B-ABF6-8881DFB68054}</UniqueIdentifier>
    </Filter>
    <Filter Include="Header Files\plugin">
      <UniqueIdentifier>{580EA98A-3CA3-3C90-8124-603A46F594EB}</UniqueIdentifier>
    </Filter>
    <Filter Include="Source Files">
      <UniqueIdentifier>{754ACB58-DCD0-32E1-9D72-A549EC754539}</UniqueIdentifier>
    </Filter>
    <Filter Include="Source Files\command">
      <UniqueIdentifier>{30AFF0EB-B99C-3E07-93FE-9013A8A99D76}</UniqueIdentifier>
    </Filter>
    <Filter Include="Source Files\factory">
      <UniqueIdentifier>{E1C7D092-2C69-3AB2-B979-74AF6CB62A1D}</UniqueIdentifier>
    </Filter>
    <Filter Include="Source Files\plugin">
      <UniqueIdentifier>{44C7A786-D87F-387B-B2BA-F205F6C52F45}</UniqueIdentifier>
    </Filter>
  </ItemGroup>
</Project>
