<?xml version="1.0" encoding="utf-8"?>
<Project ToolsVersion="15.0" xmlns="http://schemas.microsoft.com/developer/msbuild/2003">
  <ItemGroup>
    <ClCompile Include="D:\GMAT\gmat-src\GMAT-r2020a2\GMAT-R2020a\plugins\PythonInterfacePlugin\src\base\command\CallPythonFunction.cpp">
      <Filter>Source Files\command</Filter>
    </ClCompile>
    <ClCompile Include="D:\GMAT\gmat-src\GMAT-r2020a2\GMAT-R2020a\plugins\PythonInterfacePlugin\src\base\factory\PythonCommandFactory.cpp">
      <Filter>Source Files\factory</Filter>
    </ClCompile>
    <ClCompile Include="D:\GMAT\gmat-src\GMAT-r2020a2\GMAT-R2020a\plugins\PythonInterfacePlugin\src\base\function\PythonModule.cpp">
      <Filter>Source Files\function</Filter>
    </ClCompile>
    <ClCompile Include="D:\GMAT\gmat-src\GMAT-r2020a2\GMAT-R2020a\plugins\PythonInterfacePlugin\src\base\interface\PythonInterface.cpp">
      <Filter>Source Files\interface</Filter>
    </ClCompile>
    <ClCompile Include="D:\GMAT\gmat-src\GMAT-r2020a2\GMAT-R2020a\plugins\PythonInterfacePlugin\src\base\plugin\GmatPluginFunctions.cpp">
      <Filter>Source Files\plugin</Filter>
    </ClCompile>
  </ItemGroup>
  <ItemGroup>
    <ClInclude Include="D:\GMAT\gmat-src\GMAT-r2020a2\GMAT-R2020a\plugins\PythonInterfacePlugin\src\base\command\CallPythonFunction.hpp">
      <Filter>Header Files\command</Filter>
    </ClInclude>
    <ClInclude Include="D:\GMAT\gmat-src\GMAT-r2020a2\GMAT-R2020a\plugins\PythonInterfacePlugin\src\base\factory\PythonCommandFactory.hpp">
      <Filter>Header Files\factory</Filter>
    </ClInclude>
    <ClInclude Include="D:\GMAT\gmat-src\GMAT-r2020a2\GMAT-R2020a\plugins\PythonInterfacePlugin\src\base\function\PythonModule.hpp">
      <Filter>Header Files\function</Filter>
    </ClInclude>
    <ClInclude Include="D:\GMAT\gmat-src\GMAT-r2020a2\GMAT-R2020a\plugins\PythonInterfacePlugin\src\base\include\pythoninterface_defs.hpp">
      <Filter>Header Files\include</Filter>
    </ClInclude>
    <ClInclude Include="D:\GMAT\gmat-src\GMAT-r2020a2\GMAT-R2020a\plugins\PythonInterfacePlugin\src\base\interface\PythonInterface.hpp">
      <Filter>Header Files\interface</Filter>
    </ClInclude>
    <ClInclude Include="D:\GMAT\gmat-src\GMAT-r2020a2\GMAT-R2020a\plugins\PythonInterfacePlugin\src\base\plugin\GmatPluginFunctions.hpp">
      <Filter>Header Files\plugin</Filter>
    </ClInclude>
  </ItemGroup>
  <ItemGroup>
    <CustomBuild Include="D:\GMAT\gmat-src\GMAT-r2020a2\GMAT-R2020a\plugins\PythonInterfacePlugin\src\base\CMakeLists.txt" />
  </ItemGroup>
  <ItemGroup>
    <Filter Include="Header Files">
      <UniqueIdentifier>{F575BB39-2F6D-3545-8949-B0FC7E8F7094}</UniqueIdentifier>
    </Filter>
    <Filter Include="Header Files\command">
      <UniqueIdentifier>{BDC20F94-FCA6-3ED4-B49A-DCCA11D6F3D8}</UniqueIdentifier>
    </Filter>
    <Filter Include="Header Files\factory">
      <UniqueIdentifier>{45ABA8F0-DC5E-30F3-853D-35D219222D72}</UniqueIdentifier>
    </Filter>
    <Filter Include="Header Files\function">
      <UniqueIdentifier>{06A73FD7-3FF0-38F0-A967-96BABEFA77A7}</UniqueIdentifier>
    </Filter>
    <Filter Include="Header Files\include">
      <UniqueIdentifier>{56E9F4D7-950F-3B5B-ABF6-8881DFB68054}</UniqueIdentifier>
    </Filter>
    <Filter Include="Header Files\interface">
      <UniqueIdentifier>{8BA926D2-9090-3C7A-9DDA-853DD32522D5}</UniqueIdentifier>
    </Filter>
    <Filter Include="Header Files\plugin">
      <UniqueIdentifier>{580EA98A-3CA3-3C90-8124-603A46F594EB}</UniqueIdentifier>
    </Filter>
    <Filter Include="Source Files">
      <UniqueIdentifier>{754ACB58-DCD0-32E1-9D72-A549EC754539}</UniqueIdentifier>
    </Filter>
    <Filter Include="Source Files\command">
      <UniqueIdentifier>{30AFF0EB-B99C-3E07-93FE-9013A8A99D76}</UniqueIdentifier>
    </Filter>
    <Filter Include="Source Files\factory">
      <UniqueIdentifier>{E1C7D092-2C69-3AB2-B979-74AF6CB62A1D}</UniqueIdentifier>
    </Filter>
    <Filter Include="Source Files\function">
      <UniqueIdentifier>{8E87BB67-A2B8-3DBC-A0E1-B4E33CD1A3FD}</UniqueIdentifier>
    </Filter>
    <Filter Include="Source Files\interface">
      <UniqueIdentifier>{0AE20CDA-33DF-343A-B52F-F196B4A23B2C}</UniqueIdentifier>
    </Filter>
    <Filter Include="Source Files\plugin">
      <UniqueIdentifier>{44C7A786-D87F-387B-B2BA-F205F6C52F45}</UniqueIdentifier>
    </Filter>
  </ItemGroup>
</Project>
