<?xml version="1.0" encoding="utf-8"?>
<Project ToolsVersion="15.0" xmlns="http://schemas.microsoft.com/developer/msbuild/2003">
  <ItemGroup>
    <CustomBuild Include="D:\GMAT\gmat-src\GMAT-r2020a2\GMAT-R2020a\cmake_gui_build\CMakeFiles\02c3a2e2bbecd3b92eb6ee03c7f7c899\INSTALL_force.rule">
      <Filter>CMake Rules</Filter>
    </CustomBuild>
  </ItemGroup>
  <ItemGroup>
    <Filter Include="CMake Rules">
      <UniqueIdentifier>{5F4FAC88-AE63-35F1-ACB6-DA3F96749D35}</UniqueIdentifier>
    </Filter>
  </ItemGroup>
</Project>
