<?xml version="1.0" encoding="utf-8"?>
<Project ToolsVersion="15.0" xmlns="http://schemas.microsoft.com/developer/msbuild/2003">
  <ItemGroup>
    <ClCompile Include="D:\GMAT\gmat-src\GMAT-r2020a2\GMAT-R2020a\src\gmatutil\util\A1Date.cpp">
      <Filter>Source Files\util</Filter>
    </ClCompile>
    <ClCompile Include="D:\GMAT\gmat-src\GMAT-r2020a2\GMAT-R2020a\src\gmatutil\util\A1Mjd.cpp">
      <Filter>Source Files\util</Filter>
    </ClCompile>
    <ClCompile Include="D:\GMAT\gmat-src\GMAT-r2020a2\GMAT-R2020a\src\gmatutil\util\AngleUtil.cpp">
      <Filter>Source Files\util</Filter>
    </ClCompile>
    <ClCompile Include="D:\GMAT\gmat-src\GMAT-r2020a2\GMAT-R2020a\src\gmatutil\util\AttitudeConversionUtility.cpp">
      <Filter>Source Files\util</Filter>
    </ClCompile>
    <ClCompile Include="D:\GMAT\gmat-src\GMAT-r2020a2\GMAT-R2020a\src\gmatutil\util\AttitudeUtil.cpp">
      <Filter>Source Files\util</Filter>
    </ClCompile>
    <ClCompile Include="D:\GMAT\gmat-src\GMAT-r2020a2\GMAT-R2020a\src\gmatutil\util\BaseException.cpp">
      <Filter>Source Files\util</Filter>
    </ClCompile>
    <ClCompile Include="D:\GMAT\gmat-src\GMAT-r2020a2\GMAT-R2020a\src\gmatutil\util\BodyFixedStateConverter.cpp">
      <Filter>Source Files\util</Filter>
    </ClCompile>
    <ClCompile Include="D:\GMAT\gmat-src\GMAT-r2020a2\GMAT-R2020a\src\gmatutil\util\CalculationUtilities.cpp">
      <Filter>Source Files\util</Filter>
    </ClCompile>
    <ClCompile Include="D:\GMAT\gmat-src\GMAT-r2020a2\GMAT-R2020a\src\gmatutil\util\CCSDSAEMEulerAngleSegment.cpp">
      <Filter>Source Files\util</Filter>
    </ClCompile>
    <ClCompile Include="D:\GMAT\gmat-src\GMAT-r2020a2\GMAT-R2020a\src\gmatutil\util\CCSDSAEMQuaternionSegment.cpp">
      <Filter>Source Files\util</Filter>
    </ClCompile>
    <ClCompile Include="D:\GMAT\gmat-src\GMAT-r2020a2\GMAT-R2020a\src\gmatutil\util\CCSDSAEMReader.cpp">
      <Filter>Source Files\util</Filter>
    </ClCompile>
    <ClCompile Include="D:\GMAT\gmat-src\GMAT-r2020a2\GMAT-R2020a\src\gmatutil\util\CCSDSAEMSegment.cpp">
      <Filter>Source Files\util</Filter>
    </ClCompile>
    <ClCompile Include="D:\GMAT\gmat-src\GMAT-r2020a2\GMAT-R2020a\src\gmatutil\util\CCSDSEMReader.cpp">
      <Filter>Source Files\util</Filter>
    </ClCompile>
    <ClCompile Include="D:\GMAT\gmat-src\GMAT-r2020a2\GMAT-R2020a\src\gmatutil\util\CCSDSEMSegment.cpp">
      <Filter>Source Files\util</Filter>
    </ClCompile>
    <ClCompile Include="D:\GMAT\gmat-src\GMAT-r2020a2\GMAT-R2020a\src\gmatutil\util\CCSDSEMWriter.cpp">
      <Filter>Source Files\util</Filter>
    </ClCompile>
    <ClCompile Include="D:\GMAT\gmat-src\GMAT-r2020a2\GMAT-R2020a\src\gmatutil\util\CCSDSOEMSegment.cpp">
      <Filter>Source Files\util</Filter>
    </ClCompile>
    <ClCompile Include="D:\GMAT\gmat-src\GMAT-r2020a2\GMAT-R2020a\src\gmatutil\util\CCSDSOEMWriter.cpp">
      <Filter>Source Files\util</Filter>
    </ClCompile>
    <ClCompile Include="D:\GMAT\gmat-src\GMAT-r2020a2\GMAT-R2020a\src\gmatutil\util\Code500EphemerisFile.cpp">
      <Filter>Source Files\util</Filter>
    </ClCompile>
    <ClCompile Include="D:\GMAT\gmat-src\GMAT-r2020a2\GMAT-R2020a\src\gmatutil\util\ColorDatabase.cpp">
      <Filter>Source Files\util</Filter>
    </ClCompile>
    <ClCompile Include="D:\GMAT\gmat-src\GMAT-r2020a2\GMAT-R2020a\src\gmatutil\util\CubicSpline.cpp">
      <Filter>Source Files\util</Filter>
    </ClCompile>
    <ClCompile Include="D:\GMAT\gmat-src\GMAT-r2020a2\GMAT-R2020a\src\gmatutil\util\Date.cpp">
      <Filter>Source Files\util</Filter>
    </ClCompile>
    <ClCompile Include="D:\GMAT\gmat-src\GMAT-r2020a2\GMAT-R2020a\src\gmatutil\util\DateUtil.cpp">
      <Filter>Source Files\util</Filter>
    </ClCompile>
    <ClCompile Include="D:\GMAT\gmat-src\GMAT-r2020a2\GMAT-R2020a\src\gmatutil\util\ElapsedTime.cpp">
      <Filter>Source Files\util</Filter>
    </ClCompile>
    <ClCompile Include="D:\GMAT\gmat-src\GMAT-r2020a2\GMAT-R2020a\src\gmatutil\util\Ephemeris.cpp">
      <Filter>Source Files\util</Filter>
    </ClCompile>
    <ClCompile Include="D:\GMAT\gmat-src\GMAT-r2020a2\GMAT-R2020a\src\gmatutil\util\EopFile.cpp">
      <Filter>Source Files\util</Filter>
    </ClCompile>
    <ClCompile Include="D:\GMAT\gmat-src\GMAT-r2020a2\GMAT-R2020a\src\gmatutil\util\FileManager.cpp">
      <Filter>Source Files\util</Filter>
    </ClCompile>
    <ClCompile Include="D:\GMAT\gmat-src\GMAT-r2020a2\GMAT-R2020a\src\gmatutil\util\FileUtil.cpp">
      <Filter>Source Files\util</Filter>
    </ClCompile>
    <ClCompile Include="D:\GMAT\gmat-src\GMAT-r2020a2\GMAT-R2020a\src\gmatutil\util\GmatGlobal.cpp">
      <Filter>Source Files\util</Filter>
    </ClCompile>
    <ClCompile Include="D:\GMAT\gmat-src\GMAT-r2020a2\GMAT-R2020a\src\gmatutil\util\GmatTime.cpp">
      <Filter>Source Files\util</Filter>
    </ClCompile>
    <ClCompile Include="D:\GMAT\gmat-src\GMAT-r2020a2\GMAT-R2020a\src\gmatutil\util\GravityFileUtil.cpp">
      <Filter>Source Files\util</Filter>
    </ClCompile>
    <ClCompile Include="D:\GMAT\gmat-src\GMAT-r2020a2\GMAT-R2020a\src\gmatutil\util\GregorianDate.cpp">
      <Filter>Source Files\util</Filter>
    </ClCompile>
    <ClCompile Include="D:\GMAT\gmat-src\GMAT-r2020a2\GMAT-R2020a\src\gmatutil\util\IFileUpdater.cpp">
      <Filter>Source Files\util</Filter>
    </ClCompile>
    <ClCompile Include="D:\GMAT\gmat-src\GMAT-r2020a2\GMAT-R2020a\src\gmatutil\util\LeapSecsFileReader.cpp">
      <Filter>Source Files\util</Filter>
    </ClCompile>
    <ClCompile Include="D:\GMAT\gmat-src\GMAT-r2020a2\GMAT-R2020a\src\gmatutil\util\Linear.cpp">
      <Filter>Source Files\util</Filter>
    </ClCompile>
    <ClCompile Include="D:\GMAT\gmat-src\GMAT-r2020a2\GMAT-R2020a\src\gmatutil\util\MemoryTracker.cpp">
      <Filter>Source Files\util</Filter>
    </ClCompile>
    <ClCompile Include="D:\GMAT\gmat-src\GMAT-r2020a2\GMAT-R2020a\src\gmatutil\util\MessageInterface.cpp">
      <Filter>Source Files\util</Filter>
    </ClCompile>
    <ClCompile Include="D:\GMAT\gmat-src\GMAT-r2020a2\GMAT-R2020a\src\gmatutil\util\MessageReceiver.cpp">
      <Filter>Source Files\util</Filter>
    </ClCompile>
    <ClCompile Include="D:\GMAT\gmat-src\GMAT-r2020a2\GMAT-R2020a\src\gmatutil\util\NumericJacobian.cpp">
      <Filter>Source Files\util</Filter>
    </ClCompile>
    <ClCompile Include="D:\GMAT\gmat-src\GMAT-r2020a2\GMAT-R2020a\src\gmatutil\util\NPlateHistoryFileReader.cpp">
      <Filter>Source Files\util</Filter>
    </ClCompile>
    <ClCompile Include="D:\GMAT\gmat-src\GMAT-r2020a2\GMAT-R2020a\src\gmatutil\util\RandomNumber.cpp">
      <Filter>Source Files\util</Filter>
    </ClCompile>
    <ClCompile Include="D:\GMAT\gmat-src\GMAT-r2020a2\GMAT-R2020a\src\gmatutil\util\RealUtilities.cpp">
      <Filter>Source Files\util</Filter>
    </ClCompile>
    <ClCompile Include="D:\GMAT\gmat-src\GMAT-r2020a2\GMAT-R2020a\src\gmatutil\util\RgbColor.cpp">
      <Filter>Source Files\util</Filter>
    </ClCompile>
    <ClCompile Include="D:\GMAT\gmat-src\GMAT-r2020a2\GMAT-R2020a\src\gmatutil\util\Rmatrix33.cpp">
      <Filter>Source Files\util</Filter>
    </ClCompile>
    <ClCompile Include="D:\GMAT\gmat-src\GMAT-r2020a2\GMAT-R2020a\src\gmatutil\util\Rmatrix66.cpp">
      <Filter>Source Files\util</Filter>
    </ClCompile>
    <ClCompile Include="D:\GMAT\gmat-src\GMAT-r2020a2\GMAT-R2020a\src\gmatutil\util\Rmatrix.cpp">
      <Filter>Source Files\util</Filter>
    </ClCompile>
    <ClCompile Include="D:\GMAT\gmat-src\GMAT-r2020a2\GMAT-R2020a\src\gmatutil\util\Rvector3.cpp">
      <Filter>Source Files\util</Filter>
    </ClCompile>
    <ClCompile Include="D:\GMAT\gmat-src\GMAT-r2020a2\GMAT-R2020a\src\gmatutil\util\Rvector6.cpp">
      <Filter>Source Files\util</Filter>
    </ClCompile>
    <ClCompile Include="D:\GMAT\gmat-src\GMAT-r2020a2\GMAT-R2020a\src\gmatutil\util\Rvector.cpp">
      <Filter>Source Files\util</Filter>
    </ClCompile>
    <ClCompile Include="D:\GMAT\gmat-src\GMAT-r2020a2\GMAT-R2020a\src\gmatutil\util\SPADFileReader.cpp">
      <Filter>Source Files\util</Filter>
    </ClCompile>
    <ClCompile Include="D:\GMAT\gmat-src\GMAT-r2020a2\GMAT-R2020a\src\gmatutil\util\StateConversionUtil.cpp">
      <Filter>Source Files\util</Filter>
    </ClCompile>
    <ClCompile Include="D:\GMAT\gmat-src\GMAT-r2020a2\GMAT-R2020a\src\gmatutil\util\STKEphemerisFile.cpp">
      <Filter>Source Files\util</Filter>
    </ClCompile>
    <ClCompile Include="D:\GMAT\gmat-src\GMAT-r2020a2\GMAT-R2020a\src\gmatutil\util\StringTokenizer.cpp">
      <Filter>Source Files\util</Filter>
    </ClCompile>
    <ClCompile Include="D:\GMAT\gmat-src\GMAT-r2020a2\GMAT-R2020a\src\gmatutil\util\StringUtil.cpp">
      <Filter>Source Files\util</Filter>
    </ClCompile>
    <ClCompile Include="D:\GMAT\gmat-src\GMAT-r2020a2\GMAT-R2020a\src\gmatutil\util\TextParser.cpp">
      <Filter>Source Files\util</Filter>
    </ClCompile>
    <ClCompile Include="D:\GMAT\gmat-src\GMAT-r2020a2\GMAT-R2020a\src\gmatutil\util\TimeSystemConverter.cpp">
      <Filter>Source Files\util</Filter>
    </ClCompile>
    <ClCompile Include="D:\GMAT\gmat-src\GMAT-r2020a2\GMAT-R2020a\src\gmatutil\util\TimeTypes.cpp">
      <Filter>Source Files\util</Filter>
    </ClCompile>
    <ClCompile Include="D:\GMAT\gmat-src\GMAT-r2020a2\GMAT-R2020a\src\gmatutil\util\UtcDate.cpp">
      <Filter>Source Files\util</Filter>
    </ClCompile>
    <ClCompile Include="D:\GMAT\gmat-src\GMAT-r2020a2\GMAT-R2020a\src\gmatutil\util\datawriter\DataBucket.cpp">
      <Filter>Source Files\util\datawriter</Filter>
    </ClCompile>
    <ClCompile Include="D:\GMAT\gmat-src\GMAT-r2020a2\GMAT-R2020a\src\gmatutil\util\datawriter\DataWriter.cpp">
      <Filter>Source Files\util\datawriter</Filter>
    </ClCompile>
    <ClCompile Include="D:\GMAT\gmat-src\GMAT-r2020a2\GMAT-R2020a\src\gmatutil\util\datawriter\DataWriterInterface.cpp">
      <Filter>Source Files\util\datawriter</Filter>
    </ClCompile>
    <ClCompile Include="D:\GMAT\gmat-src\GMAT-r2020a2\GMAT-R2020a\src\gmatutil\util\datawriter\DataWriterMaker.cpp">
      <Filter>Source Files\util\datawriter</Filter>
    </ClCompile>
    <ClCompile Include="D:\GMAT\gmat-src\GMAT-r2020a2\GMAT-R2020a\src\gmatutil\util\datawriter\WriterData.cpp">
      <Filter>Source Files\util\datawriter</Filter>
    </ClCompile>
    <ClCompile Include="D:\GMAT\gmat-src\GMAT-r2020a2\GMAT-R2020a\src\gmatutil\util\interpolator\InterpolatorException.cpp">
      <Filter>Source Files\util\interpolator</Filter>
    </ClCompile>
    <ClCompile Include="D:\GMAT\gmat-src\GMAT-r2020a2\GMAT-R2020a\src\gmatutil\util\interpolator\Interpolator.cpp">
      <Filter>Source Files\util\interpolator</Filter>
    </ClCompile>
    <ClCompile Include="D:\GMAT\gmat-src\GMAT-r2020a2\GMAT-R2020a\src\gmatutil\util\interpolator\BrentDekkerZero.cpp">
      <Filter>Source Files\util\interpolator</Filter>
    </ClCompile>
    <ClCompile Include="D:\GMAT\gmat-src\GMAT-r2020a2\GMAT-R2020a\src\gmatutil\util\interpolator\CubicSplineInterpolator.cpp">
      <Filter>Source Files\util\interpolator</Filter>
    </ClCompile>
    <ClCompile Include="D:\GMAT\gmat-src\GMAT-r2020a2\GMAT-R2020a\src\gmatutil\util\interpolator\HermiteInterpolator.cpp">
      <Filter>Source Files\util\interpolator</Filter>
    </ClCompile>
    <ClCompile Include="D:\GMAT\gmat-src\GMAT-r2020a2\GMAT-R2020a\src\gmatutil\util\interpolator\LinearInterpolator.cpp">
      <Filter>Source Files\util\interpolator</Filter>
    </ClCompile>
    <ClCompile Include="D:\GMAT\gmat-src\GMAT-r2020a2\GMAT-R2020a\src\gmatutil\util\interpolator\NotAKnotInterpolator.cpp">
      <Filter>Source Files\util\interpolator</Filter>
    </ClCompile>
    <ClCompile Include="D:\GMAT\gmat-src\GMAT-r2020a2\GMAT-R2020a\src\gmatutil\util\interpolator\LagrangeInterpolator.cpp">
      <Filter>Source Files\util\interpolator</Filter>
    </ClCompile>
    <ClCompile Include="D:\GMAT\gmat-src\GMAT-r2020a2\GMAT-R2020a\src\gmatutil\util\matrixoperations\CholeskyFactorization.cpp">
      <Filter>Source Files\util\matrixoperations</Filter>
    </ClCompile>
    <ClCompile Include="D:\GMAT\gmat-src\GMAT-r2020a2\GMAT-R2020a\src\gmatutil\util\matrixoperations\LUFactorization.cpp">
      <Filter>Source Files\util\matrixoperations</Filter>
    </ClCompile>
    <ClCompile Include="D:\GMAT\gmat-src\GMAT-r2020a2\GMAT-R2020a\src\gmatutil\util\matrixoperations\MatrixFactorization.cpp">
      <Filter>Source Files\util\matrixoperations</Filter>
    </ClCompile>
    <ClCompile Include="D:\GMAT\gmat-src\GMAT-r2020a2\GMAT-R2020a\src\gmatutil\util\matrixoperations\QRFactorization.cpp">
      <Filter>Source Files\util\matrixoperations</Filter>
    </ClCompile>
    <ClCompile Include="D:\GMAT\gmat-src\GMAT-r2020a2\GMAT-R2020a\src\gmatutil\util\matrixoperations\SchurFactorization.cpp">
      <Filter>Source Files\util\matrixoperations</Filter>
    </ClCompile>
    <ClCompile Include="D:\GMAT\gmat-src\GMAT-r2020a2\GMAT-R2020a\src\gmatutil\util\Frozen.cpp">
      <Filter>Source Files\util</Filter>
    </ClCompile>
    <ClCompile Include="D:\GMAT\gmat-src\GMAT-r2020a2\GMAT-R2020a\src\gmatutil\util\OrbitDesignerTime.cpp">
      <Filter>Source Files\util</Filter>
    </ClCompile>
    <ClCompile Include="D:\GMAT\gmat-src\GMAT-r2020a2\GMAT-R2020a\src\gmatutil\util\RepeatSunSync.cpp">
      <Filter>Source Files\util</Filter>
    </ClCompile>
    <ClCompile Include="D:\GMAT\gmat-src\GMAT-r2020a2\GMAT-R2020a\src\gmatutil\util\RepeatGroundTrack.cpp">
      <Filter>Source Files\util</Filter>
    </ClCompile>
    <ClCompile Include="D:\GMAT\gmat-src\GMAT-r2020a2\GMAT-R2020a\src\gmatutil\util\SunSync.cpp">
      <Filter>Source Files\util</Filter>
    </ClCompile>
  </ItemGroup>
  <ItemGroup>
    <ClInclude Include="D:\GMAT\gmat-src\GMAT-r2020a2\GMAT-R2020a\src\gmatutil\include\DoxygenApiIntro.hpp">
      <Filter>Header Files\include</Filter>
    </ClInclude>
    <ClInclude Include="D:\GMAT\gmat-src\GMAT-r2020a2\GMAT-R2020a\src\gmatutil\include\utildefs.hpp">
      <Filter>Header Files\include</Filter>
    </ClInclude>
    <ClInclude Include="D:\GMAT\gmat-src\GMAT-r2020a2\GMAT-R2020a\src\gmatutil\util\A1Date.hpp">
      <Filter>Header Files\util</Filter>
    </ClInclude>
    <ClInclude Include="D:\GMAT\gmat-src\GMAT-r2020a2\GMAT-R2020a\src\gmatutil\util\A1Mjd.hpp">
      <Filter>Header Files\util</Filter>
    </ClInclude>
    <ClInclude Include="D:\GMAT\gmat-src\GMAT-r2020a2\GMAT-R2020a\src\gmatutil\util\AngleUtil.hpp">
      <Filter>Header Files\util</Filter>
    </ClInclude>
    <ClInclude Include="D:\GMAT\gmat-src\GMAT-r2020a2\GMAT-R2020a\src\gmatutil\util\ArrayTemplate.hpp">
      <Filter>Header Files\util</Filter>
    </ClInclude>
    <ClInclude Include="D:\GMAT\gmat-src\GMAT-r2020a2\GMAT-R2020a\src\gmatutil\util\AttitudeConversionUtility.hpp">
      <Filter>Header Files\util</Filter>
    </ClInclude>
    <ClInclude Include="D:\GMAT\gmat-src\GMAT-r2020a2\GMAT-R2020a\src\gmatutil\util\AttitudeUtil.hpp">
      <Filter>Header Files\util</Filter>
    </ClInclude>
    <ClInclude Include="D:\GMAT\gmat-src\GMAT-r2020a2\GMAT-R2020a\src\gmatutil\util\BaseException.hpp">
      <Filter>Header Files\util</Filter>
    </ClInclude>
    <ClInclude Include="D:\GMAT\gmat-src\GMAT-r2020a2\GMAT-R2020a\src\gmatutil\util\BodyFixedStateConverter.hpp">
      <Filter>Header Files\util</Filter>
    </ClInclude>
    <ClInclude Include="D:\GMAT\gmat-src\GMAT-r2020a2\GMAT-R2020a\src\gmatutil\util\CCSDSAEMEulerAngleSegment.hpp">
      <Filter>Header Files\util</Filter>
    </ClInclude>
    <ClInclude Include="D:\GMAT\gmat-src\GMAT-r2020a2\GMAT-R2020a\src\gmatutil\util\CCSDSAEMQuaternionSegment.hpp">
      <Filter>Header Files\util</Filter>
    </ClInclude>
    <ClInclude Include="D:\GMAT\gmat-src\GMAT-r2020a2\GMAT-R2020a\src\gmatutil\util\CCSDSAEMReader.hpp">
      <Filter>Header Files\util</Filter>
    </ClInclude>
    <ClInclude Include="D:\GMAT\gmat-src\GMAT-r2020a2\GMAT-R2020a\src\gmatutil\util\CCSDSAEMSegment.hpp">
      <Filter>Header Files\util</Filter>
    </ClInclude>
    <ClInclude Include="D:\GMAT\gmat-src\GMAT-r2020a2\GMAT-R2020a\src\gmatutil\util\CCSDSEMReader.hpp">
      <Filter>Header Files\util</Filter>
    </ClInclude>
    <ClInclude Include="D:\GMAT\gmat-src\GMAT-r2020a2\GMAT-R2020a\src\gmatutil\util\CCSDSEMSegment.hpp">
      <Filter>Header Files\util</Filter>
    </ClInclude>
    <ClInclude Include="D:\GMAT\gmat-src\GMAT-r2020a2\GMAT-R2020a\src\gmatutil\util\CCSDSEMWriter.hpp">
      <Filter>Header Files\util</Filter>
    </ClInclude>
    <ClInclude Include="D:\GMAT\gmat-src\GMAT-r2020a2\GMAT-R2020a\src\gmatutil\util\CCSDSOEMSegment.hpp">
      <Filter>Header Files\util</Filter>
    </ClInclude>
    <ClInclude Include="D:\GMAT\gmat-src\GMAT-r2020a2\GMAT-R2020a\src\gmatutil\util\CCSDSOEMWriter.hpp">
      <Filter>Header Files\util</Filter>
    </ClInclude>
    <ClInclude Include="D:\GMAT\gmat-src\GMAT-r2020a2\GMAT-R2020a\src\gmatutil\util\CalculationUtilities.hpp">
      <Filter>Header Files\util</Filter>
    </ClInclude>
    <ClInclude Include="D:\GMAT\gmat-src\GMAT-r2020a2\GMAT-R2020a\src\gmatutil\util\Code500EphemerisFile.hpp">
      <Filter>Header Files\util</Filter>
    </ClInclude>
    <ClInclude Include="D:\GMAT\gmat-src\GMAT-r2020a2\GMAT-R2020a\src\gmatutil\util\ColorDatabase.hpp">
      <Filter>Header Files\util</Filter>
    </ClInclude>
    <ClInclude Include="D:\GMAT\gmat-src\GMAT-r2020a2\GMAT-R2020a\src\gmatutil\util\ColorTypes.hpp">
      <Filter>Header Files\util</Filter>
    </ClInclude>
    <ClInclude Include="D:\GMAT\gmat-src\GMAT-r2020a2\GMAT-R2020a\src\gmatutil\util\CubicSpline.hpp">
      <Filter>Header Files\util</Filter>
    </ClInclude>
    <ClInclude Include="D:\GMAT\gmat-src\GMAT-r2020a2\GMAT-R2020a\src\gmatutil\util\Date.hpp">
      <Filter>Header Files\util</Filter>
    </ClInclude>
    <ClInclude Include="D:\GMAT\gmat-src\GMAT-r2020a2\GMAT-R2020a\src\gmatutil\util\DateUtil.hpp">
      <Filter>Header Files\util</Filter>
    </ClInclude>
    <ClInclude Include="D:\GMAT\gmat-src\GMAT-r2020a2\GMAT-R2020a\src\gmatutil\util\ElapsedTime.hpp">
      <Filter>Header Files\util</Filter>
    </ClInclude>
    <ClInclude Include="D:\GMAT\gmat-src\GMAT-r2020a2\GMAT-R2020a\src\gmatutil\util\EopFile.hpp">
      <Filter>Header Files\util</Filter>
    </ClInclude>
    <ClInclude Include="D:\GMAT\gmat-src\GMAT-r2020a2\GMAT-R2020a\src\gmatutil\util\Ephemeris.hpp">
      <Filter>Header Files\util</Filter>
    </ClInclude>
    <ClInclude Include="D:\GMAT\gmat-src\GMAT-r2020a2\GMAT-R2020a\src\gmatutil\util\FileManager.hpp">
      <Filter>Header Files\util</Filter>
    </ClInclude>
    <ClInclude Include="D:\GMAT\gmat-src\GMAT-r2020a2\GMAT-R2020a\src\gmatutil\util\FileTypes.hpp">
      <Filter>Header Files\util</Filter>
    </ClInclude>
    <ClInclude Include="D:\GMAT\gmat-src\GMAT-r2020a2\GMAT-R2020a\src\gmatutil\util\FileUtil.hpp">
      <Filter>Header Files\util</Filter>
    </ClInclude>
    <ClInclude Include="D:\GMAT\gmat-src\GMAT-r2020a2\GMAT-R2020a\src\gmatutil\util\Frozen.hpp">
      <Filter>Header Files\util</Filter>
    </ClInclude>
    <ClInclude Include="D:\GMAT\gmat-src\GMAT-r2020a2\GMAT-R2020a\src\gmatutil\util\GmatConstants.hpp">
      <Filter>Header Files\util</Filter>
    </ClInclude>
    <ClInclude Include="D:\GMAT\gmat-src\GMAT-r2020a2\GMAT-R2020a\src\gmatutil\util\GmatDefaults.hpp">
      <Filter>Header Files\util</Filter>
    </ClInclude>
    <ClInclude Include="D:\GMAT\gmat-src\GMAT-r2020a2\GMAT-R2020a\src\gmatutil\util\GmatGlobal.hpp">
      <Filter>Header Files\util</Filter>
    </ClInclude>
    <ClInclude Include="D:\GMAT\gmat-src\GMAT-r2020a2\GMAT-R2020a\src\gmatutil\util\GmatTime.hpp">
      <Filter>Header Files\util</Filter>
    </ClInclude>
    <ClInclude Include="D:\GMAT\gmat-src\GMAT-r2020a2\GMAT-R2020a\src\gmatutil\util\GravityFileUtil.hpp">
      <Filter>Header Files\util</Filter>
    </ClInclude>
    <ClInclude Include="D:\GMAT\gmat-src\GMAT-r2020a2\GMAT-R2020a\src\gmatutil\util\GregorianDate.hpp">
      <Filter>Header Files\util</Filter>
    </ClInclude>
    <ClInclude Include="D:\GMAT\gmat-src\GMAT-r2020a2\GMAT-R2020a\src\gmatutil\util\IFileUpdater.hpp">
      <Filter>Header Files\util</Filter>
    </ClInclude>
    <ClInclude Include="D:\GMAT\gmat-src\GMAT-r2020a2\GMAT-R2020a\src\gmatutil\util\LeapSecsFileReader.hpp">
      <Filter>Header Files\util</Filter>
    </ClInclude>
    <ClInclude Include="D:\GMAT\gmat-src\GMAT-r2020a2\GMAT-R2020a\src\gmatutil\util\Linear.hpp">
      <Filter>Header Files\util</Filter>
    </ClInclude>
    <ClInclude Include="D:\GMAT\gmat-src\GMAT-r2020a2\GMAT-R2020a\src\gmatutil\util\MemoryTracker.hpp">
      <Filter>Header Files\util</Filter>
    </ClInclude>
    <ClInclude Include="D:\GMAT\gmat-src\GMAT-r2020a2\GMAT-R2020a\src\gmatutil\util\MessageInterface.hpp">
      <Filter>Header Files\util</Filter>
    </ClInclude>
    <ClInclude Include="D:\GMAT\gmat-src\GMAT-r2020a2\GMAT-R2020a\src\gmatutil\util\MessageReceiver.hpp">
      <Filter>Header Files\util</Filter>
    </ClInclude>
    <ClInclude Include="D:\GMAT\gmat-src\GMAT-r2020a2\GMAT-R2020a\src\gmatutil\util\NPlateHistoryFileReader.hpp">
      <Filter>Header Files\util</Filter>
    </ClInclude>
    <ClInclude Include="D:\GMAT\gmat-src\GMAT-r2020a2\GMAT-R2020a\src\gmatutil\util\NumericJacobian.hpp">
      <Filter>Header Files\util</Filter>
    </ClInclude>
    <ClInclude Include="D:\GMAT\gmat-src\GMAT-r2020a2\GMAT-R2020a\src\gmatutil\util\OrbitDesignerTime.hpp">
      <Filter>Header Files\util</Filter>
    </ClInclude>
    <ClInclude Include="D:\GMAT\gmat-src\GMAT-r2020a2\GMAT-R2020a\src\gmatutil\util\RandomNumber.hpp">
      <Filter>Header Files\util</Filter>
    </ClInclude>
    <ClInclude Include="D:\GMAT\gmat-src\GMAT-r2020a2\GMAT-R2020a\src\gmatutil\util\RealUtilities.hpp">
      <Filter>Header Files\util</Filter>
    </ClInclude>
    <ClInclude Include="D:\GMAT\gmat-src\GMAT-r2020a2\GMAT-R2020a\src\gmatutil\util\RepeatGroundTrack.hpp">
      <Filter>Header Files\util</Filter>
    </ClInclude>
    <ClInclude Include="D:\GMAT\gmat-src\GMAT-r2020a2\GMAT-R2020a\src\gmatutil\util\RepeatSunSync.hpp">
      <Filter>Header Files\util</Filter>
    </ClInclude>
    <ClInclude Include="D:\GMAT\gmat-src\GMAT-r2020a2\GMAT-R2020a\src\gmatutil\util\RgbColor.hpp">
      <Filter>Header Files\util</Filter>
    </ClInclude>
    <ClInclude Include="D:\GMAT\gmat-src\GMAT-r2020a2\GMAT-R2020a\src\gmatutil\util\Rmatrix.hpp">
      <Filter>Header Files\util</Filter>
    </ClInclude>
    <ClInclude Include="D:\GMAT\gmat-src\GMAT-r2020a2\GMAT-R2020a\src\gmatutil\util\Rmatrix33.hpp">
      <Filter>Header Files\util</Filter>
    </ClInclude>
    <ClInclude Include="D:\GMAT\gmat-src\GMAT-r2020a2\GMAT-R2020a\src\gmatutil\util\Rmatrix66.hpp">
      <Filter>Header Files\util</Filter>
    </ClInclude>
    <ClInclude Include="D:\GMAT\gmat-src\GMAT-r2020a2\GMAT-R2020a\src\gmatutil\util\Rvector.hpp">
      <Filter>Header Files\util</Filter>
    </ClInclude>
    <ClInclude Include="D:\GMAT\gmat-src\GMAT-r2020a2\GMAT-R2020a\src\gmatutil\util\Rvector3.hpp">
      <Filter>Header Files\util</Filter>
    </ClInclude>
    <ClInclude Include="D:\GMAT\gmat-src\GMAT-r2020a2\GMAT-R2020a\src\gmatutil\util\Rvector6.hpp">
      <Filter>Header Files\util</Filter>
    </ClInclude>
    <ClInclude Include="D:\GMAT\gmat-src\GMAT-r2020a2\GMAT-R2020a\src\gmatutil\util\SPADFileReader.hpp">
      <Filter>Header Files\util</Filter>
    </ClInclude>
    <ClInclude Include="D:\GMAT\gmat-src\GMAT-r2020a2\GMAT-R2020a\src\gmatutil\util\STKEphemerisFile.hpp">
      <Filter>Header Files\util</Filter>
    </ClInclude>
    <ClInclude Include="D:\GMAT\gmat-src\GMAT-r2020a2\GMAT-R2020a\src\gmatutil\util\StateConversionUtil.hpp">
      <Filter>Header Files\util</Filter>
    </ClInclude>
    <ClInclude Include="D:\GMAT\gmat-src\GMAT-r2020a2\GMAT-R2020a\src\gmatutil\util\StringTokenizer.hpp">
      <Filter>Header Files\util</Filter>
    </ClInclude>
    <ClInclude Include="D:\GMAT\gmat-src\GMAT-r2020a2\GMAT-R2020a\src\gmatutil\util\StringUtil.hpp">
      <Filter>Header Files\util</Filter>
    </ClInclude>
    <ClInclude Include="D:\GMAT\gmat-src\GMAT-r2020a2\GMAT-R2020a\src\gmatutil\util\SunSync.hpp">
      <Filter>Header Files\util</Filter>
    </ClInclude>
    <ClInclude Include="D:\GMAT\gmat-src\GMAT-r2020a2\GMAT-R2020a\src\gmatutil\util\TableTemplate.hpp">
      <Filter>Header Files\util</Filter>
    </ClInclude>
    <ClInclude Include="D:\GMAT\gmat-src\GMAT-r2020a2\GMAT-R2020a\src\gmatutil\util\TextParser.hpp">
      <Filter>Header Files\util</Filter>
    </ClInclude>
    <ClInclude Include="D:\GMAT\gmat-src\GMAT-r2020a2\GMAT-R2020a\src\gmatutil\util\TimeSystemConverter.hpp">
      <Filter>Header Files\util</Filter>
    </ClInclude>
    <ClInclude Include="D:\GMAT\gmat-src\GMAT-r2020a2\GMAT-R2020a\src\gmatutil\util\TimeTypes.hpp">
      <Filter>Header Files\util</Filter>
    </ClInclude>
    <ClInclude Include="D:\GMAT\gmat-src\GMAT-r2020a2\GMAT-R2020a\src\gmatutil\util\UtcDate.hpp">
      <Filter>Header Files\util</Filter>
    </ClInclude>
    <ClInclude Include="D:\GMAT\gmat-src\GMAT-r2020a2\GMAT-R2020a\src\gmatutil\util\UtilityException.hpp">
      <Filter>Header Files\util</Filter>
    </ClInclude>
    <ClInclude Include="D:\GMAT\gmat-src\GMAT-r2020a2\GMAT-R2020a\src\gmatutil\util\datawriter\DataBucket.hpp">
      <Filter>Header Files\util\datawriter</Filter>
    </ClInclude>
    <ClInclude Include="D:\GMAT\gmat-src\GMAT-r2020a2\GMAT-R2020a\src\gmatutil\util\datawriter\DataWriter.hpp">
      <Filter>Header Files\util\datawriter</Filter>
    </ClInclude>
    <ClInclude Include="D:\GMAT\gmat-src\GMAT-r2020a2\GMAT-R2020a\src\gmatutil\util\datawriter\DataWriterInterface.hpp">
      <Filter>Header Files\util\datawriter</Filter>
    </ClInclude>
    <ClInclude Include="D:\GMAT\gmat-src\GMAT-r2020a2\GMAT-R2020a\src\gmatutil\util\datawriter\DataWriterMaker.hpp">
      <Filter>Header Files\util\datawriter</Filter>
    </ClInclude>
    <ClInclude Include="D:\GMAT\gmat-src\GMAT-r2020a2\GMAT-R2020a\src\gmatutil\util\datawriter\WriterData.hpp">
      <Filter>Header Files\util\datawriter</Filter>
    </ClInclude>
    <ClInclude Include="D:\GMAT\gmat-src\GMAT-r2020a2\GMAT-R2020a\src\gmatutil\util\interpolator\BrentDekkerZero.hpp">
      <Filter>Header Files\util\interpolator</Filter>
    </ClInclude>
    <ClInclude Include="D:\GMAT\gmat-src\GMAT-r2020a2\GMAT-R2020a\src\gmatutil\util\interpolator\CubicSplineInterpolator.hpp">
      <Filter>Header Files\util\interpolator</Filter>
    </ClInclude>
    <ClInclude Include="D:\GMAT\gmat-src\GMAT-r2020a2\GMAT-R2020a\src\gmatutil\util\interpolator\HermiteInterpolator.hpp">
      <Filter>Header Files\util\interpolator</Filter>
    </ClInclude>
    <ClInclude Include="D:\GMAT\gmat-src\GMAT-r2020a2\GMAT-R2020a\src\gmatutil\util\interpolator\Interpolator.hpp">
      <Filter>Header Files\util\interpolator</Filter>
    </ClInclude>
    <ClInclude Include="D:\GMAT\gmat-src\GMAT-r2020a2\GMAT-R2020a\src\gmatutil\util\interpolator\InterpolatorException.hpp">
      <Filter>Header Files\util\interpolator</Filter>
    </ClInclude>
    <ClInclude Include="D:\GMAT\gmat-src\GMAT-r2020a2\GMAT-R2020a\src\gmatutil\util\interpolator\LagrangeInterpolator.hpp">
      <Filter>Header Files\util\interpolator</Filter>
    </ClInclude>
    <ClInclude Include="D:\GMAT\gmat-src\GMAT-r2020a2\GMAT-R2020a\src\gmatutil\util\interpolator\LinearInterpolator.hpp">
      <Filter>Header Files\util\interpolator</Filter>
    </ClInclude>
    <ClInclude Include="D:\GMAT\gmat-src\GMAT-r2020a2\GMAT-R2020a\src\gmatutil\util\interpolator\NotAKnotInterpolator.hpp">
      <Filter>Header Files\util\interpolator</Filter>
    </ClInclude>
    <ClInclude Include="D:\GMAT\gmat-src\GMAT-r2020a2\GMAT-R2020a\src\gmatutil\util\matrixoperations\CholeskyFactorization.hpp">
      <Filter>Header Files\util\matrixoperations</Filter>
    </ClInclude>
    <ClInclude Include="D:\GMAT\gmat-src\GMAT-r2020a2\GMAT-R2020a\src\gmatutil\util\matrixoperations\LUFactorization.hpp">
      <Filter>Header Files\util\matrixoperations</Filter>
    </ClInclude>
    <ClInclude Include="D:\GMAT\gmat-src\GMAT-r2020a2\GMAT-R2020a\src\gmatutil\util\matrixoperations\MatrixFactorization.hpp">
      <Filter>Header Files\util\matrixoperations</Filter>
    </ClInclude>
    <ClInclude Include="D:\GMAT\gmat-src\GMAT-r2020a2\GMAT-R2020a\src\gmatutil\util\matrixoperations\QRFactorization.hpp">
      <Filter>Header Files\util\matrixoperations</Filter>
    </ClInclude>
    <ClInclude Include="D:\GMAT\gmat-src\GMAT-r2020a2\GMAT-R2020a\src\gmatutil\util\matrixoperations\SchurFactorization.hpp">
      <Filter>Header Files\util\matrixoperations</Filter>
    </ClInclude>
  </ItemGroup>
  <ItemGroup>
    <CustomBuild Include="D:\GMAT\gmat-src\GMAT-r2020a2\GMAT-R2020a\src\gmatutil\CMakeLists.txt" />
  </ItemGroup>
  <ItemGroup>
    <Filter Include="Header Files">
      <UniqueIdentifier>{F575BB39-2F6D-3545-8949-B0FC7E8F7094}</UniqueIdentifier>
    </Filter>
    <Filter Include="Header Files\include">
      <UniqueIdentifier>{56E9F4D7-950F-3B5B-ABF6-8881DFB68054}</UniqueIdentifier>
    </Filter>
    <Filter Include="Header Files\util">
      <UniqueIdentifier>{03E05C04-1633-3FC4-9745-2DC4A56A3216}</UniqueIdentifier>
    </Filter>
    <Filter Include="Header Files\util\datawriter">
      <UniqueIdentifier>{D7D902B0-CDA1-3F60-BFE9-B27E1373083D}</UniqueIdentifier>
    </Filter>
    <Filter Include="Header Files\util\interpolator">
      <UniqueIdentifier>{07CE387A-FEEE-381D-8BDE-2DAAD9D4DC24}</UniqueIdentifier>
    </Filter>
    <Filter Include="Header Files\util\matrixoperations">
      <UniqueIdentifier>{72853BC4-35F2-382D-AAEC-F23D6015D579}</UniqueIdentifier>
    </Filter>
    <Filter Include="Source Files">
      <UniqueIdentifier>{754ACB58-DCD0-32E1-9D72-A549EC754539}</UniqueIdentifier>
    </Filter>
    <Filter Include="Source Files\util">
      <UniqueIdentifier>{9EB242C6-F544-3E68-A3CB-9B1791421626}</UniqueIdentifier>
    </Filter>
    <Filter Include="Source Files\util\datawriter">
      <UniqueIdentifier>{C3D62AFE-8ED9-3303-8269-40D01C1C52CB}</UniqueIdentifier>
    </Filter>
    <Filter Include="Source Files\util\interpolator">
      <UniqueIdentifier>{9D2755F5-9CA3-3997-918A-8FFDB2DD99EE}</UniqueIdentifier>
    </Filter>
    <Filter Include="Source Files\util\matrixoperations">
      <UniqueIdentifier>{D7928C20-05A8-373B-9B3B-13E9DD871E9E}</UniqueIdentifier>
    </Filter>
  </ItemGroup>
</Project>
