<?xml version="1.0" encoding="utf-8"?>
<Project ToolsVersion="15.0" xmlns="http://schemas.microsoft.com/developer/msbuild/2003">
  <ItemGroup>
    <ClCompile Include="D:\GMAT\gmat-src\GMAT-r2020a2\GMAT-R2020a\plugins\ThrustFilePlugin\src\base\command\BeginFileThrust.cpp">
      <Filter>Source Files\command</Filter>
    </ClCompile>
    <ClCompile Include="D:\GMAT\gmat-src\GMAT-r2020a2\GMAT-R2020a\plugins\ThrustFilePlugin\src\base\command\EndFileThrust.cpp">
      <Filter>Source Files\command</Filter>
    </ClCompile>
    <ClCompile Include="D:\GMAT\gmat-src\GMAT-r2020a2\GMAT-R2020a\plugins\ThrustFilePlugin\src\base\datareader\ThfDataSegment.cpp">
      <Filter>Source Files\datareader</Filter>
    </ClCompile>
    <ClCompile Include="D:\GMAT\gmat-src\GMAT-r2020a2\GMAT-R2020a\plugins\ThrustFilePlugin\src\base\datareader\ThrustHistoryFile.cpp">
      <Filter>Source Files\datareader</Filter>
    </ClCompile>
    <ClCompile Include="D:\GMAT\gmat-src\GMAT-r2020a2\GMAT-R2020a\plugins\ThrustFilePlugin\src\base\datareader\ThrustSegment.cpp">
      <Filter>Source Files\datareader</Filter>
    </ClCompile>
    <ClCompile Include="D:\GMAT\gmat-src\GMAT-r2020a2\GMAT-R2020a\plugins\ThrustFilePlugin\src\base\factory\ThrustFileCommandFactory.cpp">
      <Filter>Source Files\factory</Filter>
    </ClCompile>
    <ClCompile Include="D:\GMAT\gmat-src\GMAT-r2020a2\GMAT-R2020a\plugins\ThrustFilePlugin\src\base\factory\ThrustFileForceFactory.cpp">
      <Filter>Source Files\factory</Filter>
    </ClCompile>
    <ClCompile Include="D:\GMAT\gmat-src\GMAT-r2020a2\GMAT-R2020a\plugins\ThrustFilePlugin\src\base\factory\ThrustFileReaderFactory.cpp">
      <Filter>Source Files\factory</Filter>
    </ClCompile>
    <ClCompile Include="D:\GMAT\gmat-src\GMAT-r2020a2\GMAT-R2020a\plugins\ThrustFilePlugin\src\base\forcemodel\FileThrust.cpp">
      <Filter>Source Files\forcemodel</Filter>
    </ClCompile>
    <ClCompile Include="D:\GMAT\gmat-src\GMAT-r2020a2\GMAT-R2020a\plugins\ThrustFilePlugin\src\base\plugin\GmatPluginFunctions.cpp">
      <Filter>Source Files\plugin</Filter>
    </ClCompile>
  </ItemGroup>
  <ItemGroup>
    <ClInclude Include="D:\GMAT\gmat-src\GMAT-r2020a2\GMAT-R2020a\plugins\ThrustFilePlugin\src\base\command\BeginFileThrust.hpp">
      <Filter>Header Files\command</Filter>
    </ClInclude>
    <ClInclude Include="D:\GMAT\gmat-src\GMAT-r2020a2\GMAT-R2020a\plugins\ThrustFilePlugin\src\base\command\EndFileThrust.hpp">
      <Filter>Header Files\command</Filter>
    </ClInclude>
    <ClInclude Include="D:\GMAT\gmat-src\GMAT-r2020a2\GMAT-R2020a\plugins\ThrustFilePlugin\src\base\datareader\ThfDataSegment.hpp">
      <Filter>Header Files\datareader</Filter>
    </ClInclude>
    <ClInclude Include="D:\GMAT\gmat-src\GMAT-r2020a2\GMAT-R2020a\plugins\ThrustFilePlugin\src\base\datareader\ThrustHistoryFile.hpp">
      <Filter>Header Files\datareader</Filter>
    </ClInclude>
    <ClInclude Include="D:\GMAT\gmat-src\GMAT-r2020a2\GMAT-R2020a\plugins\ThrustFilePlugin\src\base\datareader\ThrustSegment.hpp">
      <Filter>Header Files\datareader</Filter>
    </ClInclude>
    <ClInclude Include="D:\GMAT\gmat-src\GMAT-r2020a2\GMAT-R2020a\plugins\ThrustFilePlugin\src\base\factory\ThrustFileCommandFactory.hpp">
      <Filter>Header Files\factory</Filter>
    </ClInclude>
    <ClInclude Include="D:\GMAT\gmat-src\GMAT-r2020a2\GMAT-R2020a\plugins\ThrustFilePlugin\src\base\factory\ThrustFileForceFactory.hpp">
      <Filter>Header Files\factory</Filter>
    </ClInclude>
    <ClInclude Include="D:\GMAT\gmat-src\GMAT-r2020a2\GMAT-R2020a\plugins\ThrustFilePlugin\src\base\factory\ThrustFileReaderFactory.hpp">
      <Filter>Header Files\factory</Filter>
    </ClInclude>
    <ClInclude Include="D:\GMAT\gmat-src\GMAT-r2020a2\GMAT-R2020a\plugins\ThrustFilePlugin\src\base\forcemodel\FileThrust.hpp">
      <Filter>Header Files\forcemodel</Filter>
    </ClInclude>
    <ClInclude Include="D:\GMAT\gmat-src\GMAT-r2020a2\GMAT-R2020a\plugins\ThrustFilePlugin\src\base\include\ThrustFileDefs.hpp">
      <Filter>Header Files\include</Filter>
    </ClInclude>
    <ClInclude Include="D:\GMAT\gmat-src\GMAT-r2020a2\GMAT-R2020a\plugins\ThrustFilePlugin\src\base\plugin\GmatPluginFunctions.hpp">
      <Filter>Header Files\plugin</Filter>
    </ClInclude>
  </ItemGroup>
  <ItemGroup>
    <CustomBuild Include="D:\GMAT\gmat-src\GMAT-r2020a2\GMAT-R2020a\plugins\ThrustFilePlugin\src\base\CMakeLists.txt" />
  </ItemGroup>
  <ItemGroup>
    <Filter Include="Header Files">
      <UniqueIdentifier>{F575BB39-2F6D-3545-8949-B0FC7E8F7094}</UniqueIdentifier>
    </Filter>
    <Filter Include="Header Files\command">
      <UniqueIdentifier>{BDC20F94-FCA6-3ED4-B49A-DCCA11D6F3D8}</UniqueIdentifier>
    </Filter>
    <Filter Include="Header Files\datareader">
      <UniqueIdentifier>{A7749955-F889-3DAC-9A6B-75529C25267C}</UniqueIdentifier>
    </Filter>
    <Filter Include="Header Files\factory">
      <UniqueIdentifier>{45ABA8F0-DC5E-30F3-853D-35D219222D72}</UniqueIdentifier>
    </Filter>
    <Filter Include="Header Files\forcemodel">
      <UniqueIdentifier>{C8AF7386-DDEE-3F73-9656-C58667FD0AD5}</UniqueIdentifier>
    </Filter>
    <Filter Include="Header Files\include">
      <UniqueIdentifier>{56E9F4D7-950F-3B5B-ABF6-8881DFB68054}</UniqueIdentifier>
    </Filter>
    <Filter Include="Header Files\plugin">
      <UniqueIdentifier>{580EA98A-3CA3-3C90-8124-603A46F594EB}</UniqueIdentifier>
    </Filter>
    <Filter Include="Source Files">
      <UniqueIdentifier>{754ACB58-DCD0-32E1-9D72-A549EC754539}</UniqueIdentifier>
    </Filter>
    <Filter Include="Source Files\command">
      <UniqueIdentifier>{30AFF0EB-B99C-3E07-93FE-9013A8A99D76}</UniqueIdentifier>
    </Filter>
    <Filter Include="Source Files\datareader">
      <UniqueIdentifier>{F60AF2F6-4AA2-3AD8-8AEA-29C1489B7661}</UniqueIdentifier>
    </Filter>
    <Filter Include="Source Files\factory">
      <UniqueIdentifier>{E1C7D092-2C69-3AB2-B979-74AF6CB62A1D}</UniqueIdentifier>
    </Filter>
    <Filter Include="Source Files\forcemodel">
      <UniqueIdentifier>{E0B96F0B-82CA-3CD8-97A2-49537ECDE9A1}</UniqueIdentifier>
    </Filter>
    <Filter Include="Source Files\plugin">
      <UniqueIdentifier>{44C7A786-D87F-387B-B2BA-F205F6C52F45}</UniqueIdentifier>
    </Filter>
  </ItemGroup>
</Project>
